// !$*UTF8*$!
{
	archiveVersion = 1;
	classes = {
	};
	objectVersion = 50;
	objects = {

/* Begin PBXBuildFile section */
		8E344AF92248770E008F9E9F /* TMLazyReusePool.m in Sources */ = {isa = PBXBuildFile; fileRef = 8E344AF82248770E008F9E9F /* TMLazyReusePool.m */; };
		8E344B00224877E5008F9E9F /* TangramView.m in Sources */ = {isa = PBXBuildFile; fileRef = 8E344AFF224877E5008F9E9F /* TangramView.m */; };
		8E344B0322488405008F9E9F /* UIView+TMLazyScrollView.m in Sources */ = {isa = PBXBuildFile; fileRef = 8E344B0222488405008F9E9F /* UIView+TMLazyScrollView.m */; };
		8E344B08224888A3008F9E9F /* LMTangramDefaultElementFactory.m in Sources */ = {isa = PBXBuildFile; fileRef = 8E344B07224888A3008F9E9F /* LMTangramDefaultElementFactory.m */; };
		8EEF38F0224B0B170092A2D8 /* TMLazyModelBucket.m in Sources */ = {isa = PBXBuildFile; fileRef = 8EEF38EE224B0B170092A2D8 /* TMLazyModelBucket.m */; };
		8EEF38F4224B12960092A2D8 /* TMLazyItemModel.m in Sources */ = {isa = PBXBuildFile; fileRef = 8EEF38F1224B12960092A2D8 /* TMLazyItemModel.m */; };
		E976AAD42247B2EE0017EC79 /* TangramDefaultItemModel.m in Sources */ = {isa = PBXBuildFile; fileRef = E976AAD32247B2EE0017EC79 /* TangramDefaultItemModel.m */; };
		E976AADA2247D7B00017EC79 /* TMLazyScrollView.m in Sources */ = {isa = PBXBuildFile; fileRef = E976AAD92247D7B00017EC79 /* TMLazyScrollView.m */; };
		E977034522463FF6006EBCF9 /* AppDelegate.m in Sources */ = {isa = PBXBuildFile; fileRef = E977034422463FF6006EBCF9 /* AppDelegate.m */; };
		E977034822463FF6006EBCF9 /* ViewController.m in Sources */ = {isa = PBXBuildFile; fileRef = E977034722463FF6006EBCF9 /* ViewController.m */; };
		E977034B22463FF6006EBCF9 /* Main.storyboard in Resources */ = {isa = PBXBuildFile; fileRef = E977034922463FF6006EBCF9 /* Main.storyboard */; };
		E977034D22463FF8006EBCF9 /* Assets.xcassets in Resources */ = {isa = PBXBuildFile; fileRef = E977034C22463FF8006EBCF9 /* Assets.xcassets */; };
		E977035022463FF8006EBCF9 /* LaunchScreen.storyboard in Resources */ = {isa = PBXBuildFile; fileRef = E977034E22463FF8006EBCF9 /* LaunchScreen.storyboard */; };
		E977035322463FF8006EBCF9 /* main.m in Sources */ = {isa = PBXBuildFile; fileRef = E977035222463FF8006EBCF9 /* main.m */; };
		E977035C224640DD006EBCF9 /* TangramMock.json in Resources */ = {isa = PBXBuildFile; fileRef = E977035B224640DD006EBCF9 /* TangramMock.json */; };
		E9770362224642EC006EBCF9 /* LMTangramDefaultItemModelFactory.m in Sources */ = {isa = PBXBuildFile; fileRef = E9770361224642EC006EBCF9 /* LMTangramDefaultItemModelFactory.m */; };
		E977036B22464661006EBCF9 /* NSDictionary+TMSafeUtils.m in Sources */ = {isa = PBXBuildFile; fileRef = E977036522464661006EBCF9 /* NSDictionary+TMSafeUtils.m */; };
		E977036C22464661006EBCF9 /* NSArray+TMSafeUtils.m in Sources */ = {isa = PBXBuildFile; fileRef = E977036722464661006EBCF9 /* NSArray+TMSafeUtils.m */; };
		E977036D22464661006EBCF9 /* NSString+TMSafeUtils.m in Sources */ = {isa = PBXBuildFile; fileRef = E977036922464661006EBCF9 /* NSString+TMSafeUtils.m */; };
		E977037122464DD9006EBCF9 /* LMTangramDefaultDataSourceHelper.m in Sources */ = {isa = PBXBuildFile; fileRef = E977037022464DD9006EBCF9 /* LMTangramDefaultDataSourceHelper.m */; };
		E977038622466B52006EBCF9 /* TangramBusIndexClass.m in Sources */ = {isa = PBXBuildFile; fileRef = E977037622466B52006EBCF9 /* TangramBusIndexClass.m */; };
		E977038722466B52006EBCF9 /* TangramContext.m in Sources */ = {isa = PBXBuildFile; fileRef = E977037722466B52006EBCF9 /* TangramContext.m */; };
		E977038822466B52006EBCF9 /* TangramAction.m in Sources */ = {isa = PBXBuildFile; fileRef = E977037A22466B52006EBCF9 /* TangramAction.m */; };
		E977038922466B52006EBCF9 /* TangramBus.m in Sources */ = {isa = PBXBuildFile; fileRef = E977037C22466B52006EBCF9 /* TangramBus.m */; };
		E977038A22466B52006EBCF9 /* TangramBusIndexTopic.m in Sources */ = {isa = PBXBuildFile; fileRef = E977037D22466B52006EBCF9 /* TangramBusIndexTopic.m */; };
		E977038B22466B52006EBCF9 /* TangramEvent.m in Sources */ = {isa = PBXBuildFile; fileRef = E977037E22466B52006EBCF9 /* TangramEvent.m */; };
		E977038C22466B52006EBCF9 /* TangramBusIndex.m in Sources */ = {isa = PBXBuildFile; fileRef = E977038122466B52006EBCF9 /* TangramBusIndex.m */; };
		E977038D22466B52006EBCF9 /* TangramEventDispatcher.m in Sources */ = {isa = PBXBuildFile; fileRef = E977038422466B52006EBCF9 /* TangramEventDispatcher.m */; };
		E977038E22466B52006EBCF9 /* TangramEventQueue.m in Sources */ = {isa = PBXBuildFile; fileRef = E977038522466B52006EBCF9 /* TangramEventQueue.m */; };
		E9770393224670E2006EBCF9 /* LMTangramDefaultLayoutFactory.m in Sources */ = {isa = PBXBuildFile; fileRef = E9770392224670E2006EBCF9 /* LMTangramDefaultLayoutFactory.m */; };
		E97703B72246853E006EBCF9 /* TangramFlowLayout.m in Sources */ = {isa = PBXBuildFile; fileRef = E97703982246853C006EBCF9 /* TangramFlowLayout.m */; };
		E97703B82246853E006EBCF9 /* TangramSingleAndDoubleLayout.m in Sources */ = {isa = PBXBuildFile; fileRef = E97703992246853C006EBCF9 /* TangramSingleAndDoubleLayout.m */; };
		E97703B92246853E006EBCF9 /* TangramStickyLayout.m in Sources */ = {isa = PBXBuildFile; fileRef = E977039B2246853C006EBCF9 /* TangramStickyLayout.m */; };
		E97703BA2246853E006EBCF9 /* TangramFixTopLayout.m in Sources */ = {isa = PBXBuildFile; fileRef = E977039D2246853C006EBCF9 /* TangramFixTopLayout.m */; };
		E97703BB2246853E006EBCF9 /* TangramScrollWaterFlowLayout.m in Sources */ = {isa = PBXBuildFile; fileRef = E977039F2246853C006EBCF9 /* TangramScrollWaterFlowLayout.m */; };
		E97703BC2246853E006EBCF9 /* TangramScrollFlowLayout.m in Sources */ = {isa = PBXBuildFile; fileRef = E97703A02246853C006EBCF9 /* TangramScrollFlowLayout.m */; };
		E97703BD2246853E006EBCF9 /* TangramQuintetColumnLayout.m in Sources */ = {isa = PBXBuildFile; fileRef = E97703A12246853C006EBCF9 /* TangramQuintetColumnLayout.m */; };
		E97703BE2246853E006EBCF9 /* TangramWaterFlowLayout.m in Sources */ = {isa = PBXBuildFile; fileRef = E97703A62246853D006EBCF9 /* TangramWaterFlowLayout.m */; };
		E97703BF2246853E006EBCF9 /* TangramDoubleColumnLayout.m in Sources */ = {isa = PBXBuildFile; fileRef = E97703A72246853D006EBCF9 /* TangramDoubleColumnLayout.m */; };
		E97703C02246853E006EBCF9 /* TangramPageScrollLayout.m in Sources */ = {isa = PBXBuildFile; fileRef = E97703A82246853D006EBCF9 /* TangramPageScrollLayout.m */; };
		E97703C12246853E006EBCF9 /* TangramTribleColumnLayout.m in Sources */ = {isa = PBXBuildFile; fileRef = E97703AE2246853D006EBCF9 /* TangramTribleColumnLayout.m */; };
		E97703C22246853E006EBCF9 /* TangramFixBottomLayout.m in Sources */ = {isa = PBXBuildFile; fileRef = E97703AF2246853D006EBCF9 /* TangramFixBottomLayout.m */; };
		E97703C32246853E006EBCF9 /* TangramDragableLayout.m in Sources */ = {isa = PBXBuildFile; fileRef = E97703B02246853D006EBCF9 /* TangramDragableLayout.m */; };
		E97703C42246853E006EBCF9 /* TangramSingleColumnLayout.m in Sources */ = {isa = PBXBuildFile; fileRef = E97703B12246853D006EBCF9 /* TangramSingleColumnLayout.m */; };
		E97703C52246853E006EBCF9 /* TangramFixLayout.m in Sources */ = {isa = PBXBuildFile; fileRef = E97703B22246853D006EBCF9 /* TangramFixLayout.m */; };
		E97703C62246853E006EBCF9 /* TangramTetradColumnLayout.m in Sources */ = {isa = PBXBuildFile; fileRef = E97703B52246853E006EBCF9 /* TangramTetradColumnLayout.m */; };
		E97703C72246853E006EBCF9 /* TangramStickyBottomLayout.m in Sources */ = {isa = PBXBuildFile; fileRef = E97703B62246853E006EBCF9 /* TangramStickyBottomLayout.m */; };
		E97703CA22468DFA006EBCF9 /* TangramLayoutParseHelper.m in Sources */ = {isa = PBXBuildFile; fileRef = E97703C922468DFA006EBCF9 /* TangramLayoutParseHelper.m */; };
		E9C14B302249210400736722 /* VVBinaryLoader.m in Sources */ = {isa = PBXBuildFile; fileRef = E9C14AD9224920FD00736722 /* VVBinaryLoader.m */; };
		E9C14B312249210400736722 /* VVRatioLayout.m in Sources */ = {isa = PBXBuildFile; fileRef = E9C14ADA224920FD00736722 /* VVRatioLayout.m */; };
		E9C14B322249210400736722 /* VVGridView.m in Sources */ = {isa = PBXBuildFile; fileRef = E9C14ADD224920FD00736722 /* VVGridView.m */; };
		E9C14B332249210400736722 /* VVTemplateLoader.m in Sources */ = {isa = PBXBuildFile; fileRef = E9C14AE0224920FD00736722 /* VVTemplateLoader.m */; };
		E9C14B342249210400736722 /* VVBaseNode.m in Sources */ = {isa = PBXBuildFile; fileRef = E9C14AE2224920FD00736722 /* VVBaseNode.m */; };
		E9C14B352249210400736722 /* VVVH2Layout.m in Sources */ = {isa = PBXBuildFile; fileRef = E9C14AE4224920FD00736722 /* VVVH2Layout.m */; };
		E9C14B362249210400736722 /* NVFrameLayout.m in Sources */ = {isa = PBXBuildFile; fileRef = E9C14AE5224920FD00736722 /* NVFrameLayout.m */; };
		E9C14B372249210400736722 /* UIColor+VirtualView.m in Sources */ = {isa = PBXBuildFile; fileRef = E9C14AE7224920FD00736722 /* UIColor+VirtualView.m */; };
		E9C14B382249210400736722 /* VVLayout.m in Sources */ = {isa = PBXBuildFile; fileRef = E9C14AE8224920FD00736722 /* VVLayout.m */; };
		E9C14B392249210400736722 /* VVErrors.m in Sources */ = {isa = PBXBuildFile; fileRef = E9C14AEC224920FE00736722 /* VVErrors.m */; };
		E9C14B3A2249210400736722 /* VVPropertyFloatSetter.m in Sources */ = {isa = PBXBuildFile; fileRef = E9C14AED224920FE00736722 /* VVPropertyFloatSetter.m */; };
		E9C14B3B2249210400736722 /* NVRatioLayout.m in Sources */ = {isa = PBXBuildFile; fileRef = E9C14AEF224920FE00736722 /* NVRatioLayout.m */; };
		E9C14B3C2249210400736722 /* VVLayer.m in Sources */ = {isa = PBXBuildFile; fileRef = E9C14AF0224920FE00736722 /* VVLayer.m */; };
		E9C14B3D2249210400736722 /* VVNodeCreater.m in Sources */ = {isa = PBXBuildFile; fileRef = E9C14AF2224920FE00736722 /* VVNodeCreater.m */; };
		E9C14B3E2249210400736722 /* VVPropertySetter.m in Sources */ = {isa = PBXBuildFile; fileRef = E9C14AF3224920FE00736722 /* VVPropertySetter.m */; };
		E9C14B3F2249210400736722 /* VVPropertyIntSetter.m in Sources */ = {isa = PBXBuildFile; fileRef = E9C14AF7224920FE00736722 /* VVPropertyIntSetter.m */; };
		E9C14B402249210400736722 /* VVPropertyStringSetter.m in Sources */ = {isa = PBXBuildFile; fileRef = E9C14AF8224920FE00736722 /* VVPropertyStringSetter.m */; };
		E9C14B412249210400736722 /* NVGridLayout.m in Sources */ = {isa = PBXBuildFile; fileRef = E9C14AF9224920FF00736722 /* NVGridLayout.m */; };
		E9C14B422249210400736722 /* VVConfig.m in Sources */ = {isa = PBXBuildFile; fileRef = E9C14AFB224920FF00736722 /* VVConfig.m */; };
		E9C14B432249210400736722 /* NSObject+VVObserver.m in Sources */ = {isa = PBXBuildFile; fileRef = E9C14AFC224920FF00736722 /* NSObject+VVObserver.m */; };
		E9C14B442249210400736722 /* VVTemplateBinaryLoader.m in Sources */ = {isa = PBXBuildFile; fileRef = E9C14B00224920FF00736722 /* VVTemplateBinaryLoader.m */; };
		E9C14B452249210400736722 /* VVLoopingScrollView.m in Sources */ = {isa = PBXBuildFile; fileRef = E9C14B032249210000736722 /* VVLoopingScrollView.m */; };
		E9C14B462249210400736722 /* VVViewContainer.m in Sources */ = {isa = PBXBuildFile; fileRef = E9C14B052249210000736722 /* VVViewContainer.m */; };
		E9C14B472249210400736722 /* NVTextView.m in Sources */ = {isa = PBXBuildFile; fileRef = E9C14B062249210000736722 /* NVTextView.m */; };
		E9C14B482249210400736722 /* NVVHLayout.m in Sources */ = {isa = PBXBuildFile; fileRef = E9C14B072249210000736722 /* NVVHLayout.m */; };
		E9C14B492249210400736722 /* VVFrameLayout.m in Sources */ = {isa = PBXBuildFile; fileRef = E9C14B082249210000736722 /* VVFrameLayout.m */; };
		E9C14B4A2249210400736722 /* VVGridLayout.m in Sources */ = {isa = PBXBuildFile; fileRef = E9C14B0C2249210000736722 /* VVGridLayout.m */; };
		E9C14B4B2249210400736722 /* VVNodeClassMapper.m in Sources */ = {isa = PBXBuildFile; fileRef = E9C14B0D2249210000736722 /* VVNodeClassMapper.m */; };
		E9C14B4C2249210400736722 /* VVViewFactory.m in Sources */ = {isa = PBXBuildFile; fileRef = E9C14B0E2249210100736722 /* VVViewFactory.m */; };
		E9C14B4D2249210400736722 /* VVLineLayer.m in Sources */ = {isa = PBXBuildFile; fileRef = E9C14B0F2249210100736722 /* VVLineLayer.m */; };
		E9C14B4E2249210400736722 /* NVImageView.m in Sources */ = {isa = PBXBuildFile; fileRef = E9C14B132249210100736722 /* NVImageView.m */; };
		E9C14B4F2249210400736722 /* NVVH2Layout.m in Sources */ = {isa = PBXBuildFile; fileRef = E9C14B172249210200736722 /* NVVH2Layout.m */; };
		E9C14B502249210400736722 /* VVVersionModel.m in Sources */ = {isa = PBXBuildFile; fileRef = E9C14B192249210200736722 /* VVVersionModel.m */; };
		E9C14B512249210400736722 /* VVTemplateManager.m in Sources */ = {isa = PBXBuildFile; fileRef = E9C14B1D2249210200736722 /* VVTemplateManager.m */; };
		E9C14B522249210400736722 /* VVSystemKey.m in Sources */ = {isa = PBXBuildFile; fileRef = E9C14B1F2249210200736722 /* VVSystemKey.m */; };
		E9C14B532249210400736722 /* NVLineView.m in Sources */ = {isa = PBXBuildFile; fileRef = E9C14B232249210200736722 /* NVLineView.m */; };
		E9C14B542249210400736722 /* VVObserver.m in Sources */ = {isa = PBXBuildFile; fileRef = E9C14B242249210300736722 /* VVObserver.m */; };
		E9C14B552249210400736722 /* VVVHLayout.m in Sources */ = {isa = PBXBuildFile; fileRef = E9C14B252249210300736722 /* VVVHLayout.m */; };
		E9C14B562249210400736722 /* VVBinaryStringMapper.m in Sources */ = {isa = PBXBuildFile; fileRef = E9C14B262249210300736722 /* VVBinaryStringMapper.m */; };
		E9C14B572249210400736722 /* VVPageView.m in Sources */ = {isa = PBXBuildFile; fileRef = E9C14B292249210300736722 /* VVPageView.m */; };
		E9C14B582249210400736722 /* VVPropertyExpressionSetter.m in Sources */ = {isa = PBXBuildFile; fileRef = E9C14B2A2249210400736722 /* VVPropertyExpressionSetter.m */; };
		E9C14B592249210400736722 /* VVExpression.m in Sources */ = {isa = PBXBuildFile; fileRef = E9C14B2B2249210400736722 /* VVExpression.m */; };
		E9C14B5A2249210400736722 /* UIView+VirtualView.m in Sources */ = {isa = PBXBuildFile; fileRef = E9C14B2C2249210400736722 /* UIView+VirtualView.m */; };
/* End PBXBuildFile section */

/* Begin PBXFileReference section */
		8E344AF72248770E008F9E9F /* TMLazyReusePool.h */ = {isa = PBXFileReference; fileEncoding = 4; lastKnownFileType = sourcecode.c.h; path = TMLazyReusePool.h; sourceTree = "<group>"; };
		8E344AF82248770E008F9E9F /* TMLazyReusePool.m */ = {isa = PBXFileReference; fileEncoding = 4; lastKnownFileType = sourcecode.c.objc; path = TMLazyReusePool.m; sourceTree = "<group>"; };
		8E344AFE224877E5008F9E9F /* TangramView.h */ = {isa = PBXFileReference; lastKnownFileType = sourcecode.c.h; path = TangramView.h; sourceTree = "<group>"; };
		8E344AFF224877E5008F9E9F /* TangramView.m */ = {isa = PBXFileReference; lastKnownFileType = sourcecode.c.objc; path = TangramView.m; sourceTree = "<group>"; };
		8E344B0122488405008F9E9F /* UIView+TMLazyScrollView.h */ = {isa = PBXFileReference; lastKnownFileType = sourcecode.c.h; path = "UIView+TMLazyScrollView.h"; sourceTree = "<group>"; };
		8E344B0222488405008F9E9F /* UIView+TMLazyScrollView.m */ = {isa = PBXFileReference; lastKnownFileType = sourcecode.c.objc; path = "UIView+TMLazyScrollView.m"; sourceTree = "<group>"; };
		8E344B0422488678008F9E9F /* TMLazyItemViewProtocol.h */ = {isa = PBXFileReference; lastKnownFileType = sourcecode.c.h; path = TMLazyItemViewProtocol.h; sourceTree = "<group>"; };
		8E344B0522488837008F9E9F /* LMTangramElementFactoryProtocol.h */ = {isa = PBXFileReference; lastKnownFileType = sourcecode.c.h; path = LMTangramElementFactoryProtocol.h; sourceTree = "<group>"; };
		8E344B06224888A3008F9E9F /* LMTangramDefaultElementFactory.h */ = {isa = PBXFileReference; lastKnownFileType = sourcecode.c.h; path = LMTangramDefaultElementFactory.h; sourceTree = "<group>"; };
		8E344B07224888A3008F9E9F /* LMTangramDefaultElementFactory.m */ = {isa = PBXFileReference; lastKnownFileType = sourcecode.c.objc; path = LMTangramDefaultElementFactory.m; sourceTree = "<group>"; };
		8E344B0922488CBC008F9E9F /* TangramEasyElementProtocol.h */ = {isa = PBXFileReference; lastKnownFileType = sourcecode.c.h; path = TangramEasyElementProtocol.h; sourceTree = "<group>"; };
		8EEF38EE224B0B170092A2D8 /* TMLazyModelBucket.m */ = {isa = PBXFileReference; fileEncoding = 4; lastKnownFileType = sourcecode.c.objc; path = TMLazyModelBucket.m; sourceTree = "<group>"; };
		8EEF38EF224B0B170092A2D8 /* TMLazyModelBucket.h */ = {isa = PBXFileReference; fileEncoding = 4; lastKnownFileType = sourcecode.c.h; path = TMLazyModelBucket.h; sourceTree = "<group>"; };
		8EEF38F1224B12960092A2D8 /* TMLazyItemModel.m */ = {isa = PBXFileReference; fileEncoding = 4; lastKnownFileType = sourcecode.c.objc; path = TMLazyItemModel.m; sourceTree = "<group>"; };
		8EEF38F2224B12960092A2D8 /* TMLazyItemModel.h */ = {isa = PBXFileReference; fileEncoding = 4; lastKnownFileType = sourcecode.c.h; path = TMLazyItemModel.h; sourceTree = "<group>"; };
		E976AAD22247B2EE0017EC79 /* TangramDefaultItemModel.h */ = {isa = PBXFileReference; fileEncoding = 4; lastKnownFileType = sourcecode.c.h; path = TangramDefaultItemModel.h; sourceTree = "<group>"; };
		E976AAD32247B2EE0017EC79 /* TangramDefaultItemModel.m */ = {isa = PBXFileReference; fileEncoding = 4; lastKnownFileType = sourcecode.c.objc; path = TangramDefaultItemModel.m; sourceTree = "<group>"; };
		E976AAD82247D7B00017EC79 /* TMLazyScrollView.h */ = {isa = PBXFileReference; lastKnownFileType = sourcecode.c.h; path = TMLazyScrollView.h; sourceTree = "<group>"; };
		E976AAD92247D7B00017EC79 /* TMLazyScrollView.m */ = {isa = PBXFileReference; lastKnownFileType = sourcecode.c.objc; path = TMLazyScrollView.m; sourceTree = "<group>"; };
		E977034022463FF6006EBCF9 /* MyTangram.app */ = {isa = PBXFileReference; explicitFileType = wrapper.application; includeInIndex = 0; path = MyTangram.app; sourceTree = BUILT_PRODUCTS_DIR; };
		E977034322463FF6006EBCF9 /* AppDelegate.h */ = {isa = PBXFileReference; lastKnownFileType = sourcecode.c.h; path = AppDelegate.h; sourceTree = "<group>"; };
		E977034422463FF6006EBCF9 /* AppDelegate.m */ = {isa = PBXFileReference; lastKnownFileType = sourcecode.c.objc; path = AppDelegate.m; sourceTree = "<group>"; };
		E977034622463FF6006EBCF9 /* ViewController.h */ = {isa = PBXFileReference; lastKnownFileType = sourcecode.c.h; path = ViewController.h; sourceTree = "<group>"; };
		E977034722463FF6006EBCF9 /* ViewController.m */ = {isa = PBXFileReference; lastKnownFileType = sourcecode.c.objc; path = ViewController.m; sourceTree = "<group>"; };
		E977034A22463FF6006EBCF9 /* Base */ = {isa = PBXFileReference; lastKnownFileType = file.storyboard; name = Base; path = Base.lproj/Main.storyboard; sourceTree = "<group>"; };
		E977034C22463FF8006EBCF9 /* Assets.xcassets */ = {isa = PBXFileReference; lastKnownFileType = folder.assetcatalog; path = Assets.xcassets; sourceTree = "<group>"; };
		E977034F22463FF8006EBCF9 /* Base */ = {isa = PBXFileReference; lastKnownFileType = file.storyboard; name = Base; path = Base.lproj/LaunchScreen.storyboard; sourceTree = "<group>"; };
		E977035122463FF8006EBCF9 /* Info.plist */ = {isa = PBXFileReference; lastKnownFileType = text.plist.xml; path = Info.plist; sourceTree = "<group>"; };
		E977035222463FF8006EBCF9 /* main.m */ = {isa = PBXFileReference; lastKnownFileType = sourcecode.c.objc; path = main.m; sourceTree = "<group>"; };
		E977035B224640DD006EBCF9 /* TangramMock.json */ = {isa = PBXFileReference; fileEncoding = 4; lastKnownFileType = text.json; path = TangramMock.json; sourceTree = "<group>"; };
		E977035F2246421C006EBCF9 /* LMTangramItemModelFactoryProtocol.h */ = {isa = PBXFileReference; lastKnownFileType = sourcecode.c.h; path = LMTangramItemModelFactoryProtocol.h; sourceTree = "<group>"; };
		E9770360224642EC006EBCF9 /* LMTangramDefaultItemModelFactory.h */ = {isa = PBXFileReference; lastKnownFileType = sourcecode.c.h; path = LMTangramDefaultItemModelFactory.h; sourceTree = "<group>"; };
		E9770361224642EC006EBCF9 /* LMTangramDefaultItemModelFactory.m */ = {isa = PBXFileReference; lastKnownFileType = sourcecode.c.objc; path = LMTangramDefaultItemModelFactory.m; sourceTree = "<group>"; };
		E977036422464661006EBCF9 /* NSArray+TMSafeUtils.h */ = {isa = PBXFileReference; fileEncoding = 4; lastKnownFileType = sourcecode.c.h; path = "NSArray+TMSafeUtils.h"; sourceTree = "<group>"; };
		E977036522464661006EBCF9 /* NSDictionary+TMSafeUtils.m */ = {isa = PBXFileReference; fileEncoding = 4; lastKnownFileType = sourcecode.c.objc; path = "NSDictionary+TMSafeUtils.m"; sourceTree = "<group>"; };
		E977036622464661006EBCF9 /* NSDictionary+TMSafeUtils.h */ = {isa = PBXFileReference; fileEncoding = 4; lastKnownFileType = sourcecode.c.h; path = "NSDictionary+TMSafeUtils.h"; sourceTree = "<group>"; };
		E977036722464661006EBCF9 /* NSArray+TMSafeUtils.m */ = {isa = PBXFileReference; fileEncoding = 4; lastKnownFileType = sourcecode.c.objc; path = "NSArray+TMSafeUtils.m"; sourceTree = "<group>"; };
		E977036822464661006EBCF9 /* NSString+TMSafeUtils.h */ = {isa = PBXFileReference; fileEncoding = 4; lastKnownFileType = sourcecode.c.h; path = "NSString+TMSafeUtils.h"; sourceTree = "<group>"; };
		E977036922464661006EBCF9 /* NSString+TMSafeUtils.m */ = {isa = PBXFileReference; fileEncoding = 4; lastKnownFileType = sourcecode.c.objc; path = "NSString+TMSafeUtils.m"; sourceTree = "<group>"; };
		E977036A22464661006EBCF9 /* TMUtils.h */ = {isa = PBXFileReference; fileEncoding = 4; lastKnownFileType = sourcecode.c.h; path = TMUtils.h; sourceTree = "<group>"; };
		E977036F22464DD9006EBCF9 /* LMTangramDefaultDataSourceHelper.h */ = {isa = PBXFileReference; lastKnownFileType = sourcecode.c.h; path = LMTangramDefaultDataSourceHelper.h; sourceTree = "<group>"; };
		E977037022464DD9006EBCF9 /* LMTangramDefaultDataSourceHelper.m */ = {isa = PBXFileReference; lastKnownFileType = sourcecode.c.objc; path = LMTangramDefaultDataSourceHelper.m; sourceTree = "<group>"; };
		E97703722246515C006EBCF9 /* LMTangramLayoutProtocol.h */ = {isa = PBXFileReference; lastKnownFileType = sourcecode.c.h; path = LMTangramLayoutProtocol.h; sourceTree = "<group>"; };
		E977037422466B52006EBCF9 /* TangramBusIndexClass.h */ = {isa = PBXFileReference; fileEncoding = 4; lastKnownFileType = sourcecode.c.h; path = TangramBusIndexClass.h; sourceTree = "<group>"; };
		E977037522466B52006EBCF9 /* TangramBus.h */ = {isa = PBXFileReference; fileEncoding = 4; lastKnownFileType = sourcecode.c.h; path = TangramBus.h; sourceTree = "<group>"; };
		E977037622466B52006EBCF9 /* TangramBusIndexClass.m */ = {isa = PBXFileReference; fileEncoding = 4; lastKnownFileType = sourcecode.c.objc; path = TangramBusIndexClass.m; sourceTree = "<group>"; };
		E977037722466B52006EBCF9 /* TangramContext.m */ = {isa = PBXFileReference; fileEncoding = 4; lastKnownFileType = sourcecode.c.objc; path = TangramContext.m; sourceTree = "<group>"; };
		E977037822466B52006EBCF9 /* TangramEventDispatcher.h */ = {isa = PBXFileReference; fileEncoding = 4; lastKnownFileType = sourcecode.c.h; path = TangramEventDispatcher.h; sourceTree = "<group>"; };
		E977037922466B52006EBCF9 /* TangramBusIndex.h */ = {isa = PBXFileReference; fileEncoding = 4; lastKnownFileType = sourcecode.c.h; path = TangramBusIndex.h; sourceTree = "<group>"; };
		E977037A22466B52006EBCF9 /* TangramAction.m */ = {isa = PBXFileReference; fileEncoding = 4; lastKnownFileType = sourcecode.c.objc; path = TangramAction.m; sourceTree = "<group>"; };
		E977037B22466B52006EBCF9 /* TangramBusIndexTopic.h */ = {isa = PBXFileReference; fileEncoding = 4; lastKnownFileType = sourcecode.c.h; path = TangramBusIndexTopic.h; sourceTree = "<group>"; };
		E977037C22466B52006EBCF9 /* TangramBus.m */ = {isa = PBXFileReference; fileEncoding = 4; lastKnownFileType = sourcecode.c.objc; path = TangramBus.m; sourceTree = "<group>"; };
		E977037D22466B52006EBCF9 /* TangramBusIndexTopic.m */ = {isa = PBXFileReference; fileEncoding = 4; lastKnownFileType = sourcecode.c.objc; path = TangramBusIndexTopic.m; sourceTree = "<group>"; };
		E977037E22466B52006EBCF9 /* TangramEvent.m */ = {isa = PBXFileReference; fileEncoding = 4; lastKnownFileType = sourcecode.c.objc; path = TangramEvent.m; sourceTree = "<group>"; };
		E977037F22466B52006EBCF9 /* TangramAction.h */ = {isa = PBXFileReference; fileEncoding = 4; lastKnownFileType = sourcecode.c.h; path = TangramAction.h; sourceTree = "<group>"; };
		E977038022466B52006EBCF9 /* TangramEventQueue.h */ = {isa = PBXFileReference; fileEncoding = 4; lastKnownFileType = sourcecode.c.h; path = TangramEventQueue.h; sourceTree = "<group>"; };
		E977038122466B52006EBCF9 /* TangramBusIndex.m */ = {isa = PBXFileReference; fileEncoding = 4; lastKnownFileType = sourcecode.c.objc; path = TangramBusIndex.m; sourceTree = "<group>"; };
		E977038222466B52006EBCF9 /* TangramEvent.h */ = {isa = PBXFileReference; fileEncoding = 4; lastKnownFileType = sourcecode.c.h; path = TangramEvent.h; sourceTree = "<group>"; };
		E977038322466B52006EBCF9 /* TangramContext.h */ = {isa = PBXFileReference; fileEncoding = 4; lastKnownFileType = sourcecode.c.h; path = TangramContext.h; sourceTree = "<group>"; };
		E977038422466B52006EBCF9 /* TangramEventDispatcher.m */ = {isa = PBXFileReference; fileEncoding = 4; lastKnownFileType = sourcecode.c.objc; path = TangramEventDispatcher.m; sourceTree = "<group>"; };
		E977038522466B52006EBCF9 /* TangramEventQueue.m */ = {isa = PBXFileReference; fileEncoding = 4; lastKnownFileType = sourcecode.c.objc; path = TangramEventQueue.m; sourceTree = "<group>"; };
		E977038F22466BD1006EBCF9 /* LMTangramItemModelProtocol.h */ = {isa = PBXFileReference; lastKnownFileType = sourcecode.c.h; path = LMTangramItemModelProtocol.h; sourceTree = "<group>"; };
		E977039022466EC5006EBCF9 /* LMTangramLayoutFactoryProtocol.h */ = {isa = PBXFileReference; lastKnownFileType = sourcecode.c.h; path = LMTangramLayoutFactoryProtocol.h; sourceTree = "<group>"; };
		E9770391224670E2006EBCF9 /* LMTangramDefaultLayoutFactory.h */ = {isa = PBXFileReference; lastKnownFileType = sourcecode.c.h; path = LMTangramDefaultLayoutFactory.h; sourceTree = "<group>"; };
		E9770392224670E2006EBCF9 /* LMTangramDefaultLayoutFactory.m */ = {isa = PBXFileReference; lastKnownFileType = sourcecode.c.objc; path = LMTangramDefaultLayoutFactory.m; sourceTree = "<group>"; };
		E97703952246853C006EBCF9 /* TangramDoubleColumnLayout.h */ = {isa = PBXFileReference; fileEncoding = 4; lastKnownFileType = sourcecode.c.h; path = TangramDoubleColumnLayout.h; sourceTree = "<group>"; };
		E97703962246853C006EBCF9 /* TangramStickyLayout.h */ = {isa = PBXFileReference; fileEncoding = 4; lastKnownFileType = sourcecode.c.h; path = TangramStickyLayout.h; sourceTree = "<group>"; };
		E97703972246853C006EBCF9 /* TangramScrollFlowLayout.h */ = {isa = PBXFileReference; fileEncoding = 4; lastKnownFileType = sourcecode.c.h; path = TangramScrollFlowLayout.h; sourceTree = "<group>"; };
		E97703982246853C006EBCF9 /* TangramFlowLayout.m */ = {isa = PBXFileReference; fileEncoding = 4; lastKnownFileType = sourcecode.c.objc; path = TangramFlowLayout.m; sourceTree = "<group>"; };
		E97703992246853C006EBCF9 /* TangramSingleAndDoubleLayout.m */ = {isa = PBXFileReference; fileEncoding = 4; lastKnownFileType = sourcecode.c.objc; path = TangramSingleAndDoubleLayout.m; sourceTree = "<group>"; };
		E977039A2246853C006EBCF9 /* TangramSingleColumnLayout.h */ = {isa = PBXFileReference; fileEncoding = 4; lastKnownFileType = sourcecode.c.h; path = TangramSingleColumnLayout.h; sourceTree = "<group>"; };
		E977039B2246853C006EBCF9 /* TangramStickyLayout.m */ = {isa = PBXFileReference; fileEncoding = 4; lastKnownFileType = sourcecode.c.objc; path = TangramStickyLayout.m; sourceTree = "<group>"; };
		E977039C2246853C006EBCF9 /* TangramSingleAndDoubleLayout.h */ = {isa = PBXFileReference; fileEncoding = 4; lastKnownFileType = sourcecode.c.h; path = TangramSingleAndDoubleLayout.h; sourceTree = "<group>"; };
		E977039D2246853C006EBCF9 /* TangramFixTopLayout.m */ = {isa = PBXFileReference; fileEncoding = 4; lastKnownFileType = sourcecode.c.objc; path = TangramFixTopLayout.m; sourceTree = "<group>"; };
		E977039E2246853C006EBCF9 /* TangramScrollWaterFlowLayout.h */ = {isa = PBXFileReference; fileEncoding = 4; lastKnownFileType = sourcecode.c.h; path = TangramScrollWaterFlowLayout.h; sourceTree = "<group>"; };
		E977039F2246853C006EBCF9 /* TangramScrollWaterFlowLayout.m */ = {isa = PBXFileReference; fileEncoding = 4; lastKnownFileType = sourcecode.c.objc; path = TangramScrollWaterFlowLayout.m; sourceTree = "<group>"; };
		E97703A02246853C006EBCF9 /* TangramScrollFlowLayout.m */ = {isa = PBXFileReference; fileEncoding = 4; lastKnownFileType = sourcecode.c.objc; path = TangramScrollFlowLayout.m; sourceTree = "<group>"; };
		E97703A12246853C006EBCF9 /* TangramQuintetColumnLayout.m */ = {isa = PBXFileReference; fileEncoding = 4; lastKnownFileType = sourcecode.c.objc; path = TangramQuintetColumnLayout.m; sourceTree = "<group>"; };
		E97703A22246853C006EBCF9 /* TangramWaterFlowLayout.h */ = {isa = PBXFileReference; fileEncoding = 4; lastKnownFileType = sourcecode.c.h; path = TangramWaterFlowLayout.h; sourceTree = "<group>"; };
		E97703A32246853C006EBCF9 /* TangramTribleColumnLayout.h */ = {isa = PBXFileReference; fileEncoding = 4; lastKnownFileType = sourcecode.c.h; path = TangramTribleColumnLayout.h; sourceTree = "<group>"; };
		E97703A42246853D006EBCF9 /* TangramFlowLayout.h */ = {isa = PBXFileReference; fileEncoding = 4; lastKnownFileType = sourcecode.c.h; path = TangramFlowLayout.h; sourceTree = "<group>"; };
		E97703A52246853D006EBCF9 /* TangramQuintetColumnLayout.h */ = {isa = PBXFileReference; fileEncoding = 4; lastKnownFileType = sourcecode.c.h; path = TangramQuintetColumnLayout.h; sourceTree = "<group>"; };
		E97703A62246853D006EBCF9 /* TangramWaterFlowLayout.m */ = {isa = PBXFileReference; fileEncoding = 4; lastKnownFileType = sourcecode.c.objc; path = TangramWaterFlowLayout.m; sourceTree = "<group>"; };
		E97703A72246853D006EBCF9 /* TangramDoubleColumnLayout.m */ = {isa = PBXFileReference; fileEncoding = 4; lastKnownFileType = sourcecode.c.objc; path = TangramDoubleColumnLayout.m; sourceTree = "<group>"; };
		E97703A82246853D006EBCF9 /* TangramPageScrollLayout.m */ = {isa = PBXFileReference; fileEncoding = 4; lastKnownFileType = sourcecode.c.objc; path = TangramPageScrollLayout.m; sourceTree = "<group>"; };
		E97703A92246853D006EBCF9 /* TangramFixTopLayout.h */ = {isa = PBXFileReference; fileEncoding = 4; lastKnownFileType = sourcecode.c.h; path = TangramFixTopLayout.h; sourceTree = "<group>"; };
		E97703AA2246853D006EBCF9 /* TangramFixLayout.h */ = {isa = PBXFileReference; fileEncoding = 4; lastKnownFileType = sourcecode.c.h; path = TangramFixLayout.h; sourceTree = "<group>"; };
		E97703AB2246853D006EBCF9 /* TangramFixBottomLayout.h */ = {isa = PBXFileReference; fileEncoding = 4; lastKnownFileType = sourcecode.c.h; path = TangramFixBottomLayout.h; sourceTree = "<group>"; };
		E97703AC2246853D006EBCF9 /* TangramPageScrollLayout.h */ = {isa = PBXFileReference; fileEncoding = 4; lastKnownFileType = sourcecode.c.h; path = TangramPageScrollLayout.h; sourceTree = "<group>"; };
		E97703AD2246853D006EBCF9 /* TangramStickyBottomLayout.h */ = {isa = PBXFileReference; fileEncoding = 4; lastKnownFileType = sourcecode.c.h; path = TangramStickyBottomLayout.h; sourceTree = "<group>"; };
		E97703AE2246853D006EBCF9 /* TangramTribleColumnLayout.m */ = {isa = PBXFileReference; fileEncoding = 4; lastKnownFileType = sourcecode.c.objc; path = TangramTribleColumnLayout.m; sourceTree = "<group>"; };
		E97703AF2246853D006EBCF9 /* TangramFixBottomLayout.m */ = {isa = PBXFileReference; fileEncoding = 4; lastKnownFileType = sourcecode.c.objc; path = TangramFixBottomLayout.m; sourceTree = "<group>"; };
		E97703B02246853D006EBCF9 /* TangramDragableLayout.m */ = {isa = PBXFileReference; fileEncoding = 4; lastKnownFileType = sourcecode.c.objc; path = TangramDragableLayout.m; sourceTree = "<group>"; };
		E97703B12246853D006EBCF9 /* TangramSingleColumnLayout.m */ = {isa = PBXFileReference; fileEncoding = 4; lastKnownFileType = sourcecode.c.objc; path = TangramSingleColumnLayout.m; sourceTree = "<group>"; };
		E97703B22246853D006EBCF9 /* TangramFixLayout.m */ = {isa = PBXFileReference; fileEncoding = 4; lastKnownFileType = sourcecode.c.objc; path = TangramFixLayout.m; sourceTree = "<group>"; };
		E97703B32246853E006EBCF9 /* TangramTetradColumnLayout.h */ = {isa = PBXFileReference; fileEncoding = 4; lastKnownFileType = sourcecode.c.h; path = TangramTetradColumnLayout.h; sourceTree = "<group>"; };
		E97703B42246853E006EBCF9 /* TangramDragableLayout.h */ = {isa = PBXFileReference; fileEncoding = 4; lastKnownFileType = sourcecode.c.h; path = TangramDragableLayout.h; sourceTree = "<group>"; };
		E97703B52246853E006EBCF9 /* TangramTetradColumnLayout.m */ = {isa = PBXFileReference; fileEncoding = 4; lastKnownFileType = sourcecode.c.objc; path = TangramTetradColumnLayout.m; sourceTree = "<group>"; };
		E97703B62246853E006EBCF9 /* TangramStickyBottomLayout.m */ = {isa = PBXFileReference; fileEncoding = 4; lastKnownFileType = sourcecode.c.objc; path = TangramStickyBottomLayout.m; sourceTree = "<group>"; };
		E97703C822468DFA006EBCF9 /* TangramLayoutParseHelper.h */ = {isa = PBXFileReference; fileEncoding = 4; lastKnownFileType = sourcecode.c.h; path = TangramLayoutParseHelper.h; sourceTree = "<group>"; };
		E97703C922468DFA006EBCF9 /* TangramLayoutParseHelper.m */ = {isa = PBXFileReference; fileEncoding = 4; lastKnownFileType = sourcecode.c.objc; path = TangramLayoutParseHelper.m; sourceTree = "<group>"; };
		E9C14AD9224920FD00736722 /* VVBinaryLoader.m */ = {isa = PBXFileReference; fileEncoding = 4; lastKnownFileType = sourcecode.c.objc; path = VVBinaryLoader.m; sourceTree = "<group>"; };
		E9C14ADA224920FD00736722 /* VVRatioLayout.m */ = {isa = PBXFileReference; fileEncoding = 4; lastKnownFileType = sourcecode.c.objc; path = VVRatioLayout.m; sourceTree = "<group>"; };
		E9C14ADB224920FD00736722 /* VVExpression.h */ = {isa = PBXFileReference; fileEncoding = 4; lastKnownFileType = sourcecode.c.h; path = VVExpression.h; sourceTree = "<group>"; };
		E9C14ADC224920FD00736722 /* VVViewContainer.h */ = {isa = PBXFileReference; fileEncoding = 4; lastKnownFileType = sourcecode.c.h; path = VVViewContainer.h; sourceTree = "<group>"; };
		E9C14ADD224920FD00736722 /* VVGridView.m */ = {isa = PBXFileReference; fileEncoding = 4; lastKnownFileType = sourcecode.c.objc; path = VVGridView.m; sourceTree = "<group>"; };
		E9C14ADE224920FD00736722 /* VVLayout.h */ = {isa = PBXFileReference; fileEncoding = 4; lastKnownFileType = sourcecode.c.h; path = VVLayout.h; sourceTree = "<group>"; };
		E9C14ADF224920FD00736722 /* VVSystemKey.h */ = {isa = PBXFileReference; fileEncoding = 4; lastKnownFileType = sourcecode.c.h; path = VVSystemKey.h; sourceTree = "<group>"; };
		E9C14AE0224920FD00736722 /* VVTemplateLoader.m */ = {isa = PBXFileReference; fileEncoding = 4; lastKnownFileType = sourcecode.c.objc; path = VVTemplateLoader.m; sourceTree = "<group>"; };
		E9C14AE1224920FD00736722 /* VVPropertyExpressionSetter.h */ = {isa = PBXFileReference; fileEncoding = 4; lastKnownFileType = sourcecode.c.h; path = VVPropertyExpressionSetter.h; sourceTree = "<group>"; };
		E9C14AE2224920FD00736722 /* VVBaseNode.m */ = {isa = PBXFileReference; fileEncoding = 4; lastKnownFileType = sourcecode.c.objc; path = VVBaseNode.m; sourceTree = "<group>"; };
		E9C14AE3224920FD00736722 /* VVNodeCreater.h */ = {isa = PBXFileReference; fileEncoding = 4; lastKnownFileType = sourcecode.c.h; path = VVNodeCreater.h; sourceTree = "<group>"; };
		E9C14AE4224920FD00736722 /* VVVH2Layout.m */ = {isa = PBXFileReference; fileEncoding = 4; lastKnownFileType = sourcecode.c.objc; path = VVVH2Layout.m; sourceTree = "<group>"; };
		E9C14AE5224920FD00736722 /* NVFrameLayout.m */ = {isa = PBXFileReference; fileEncoding = 4; lastKnownFileType = sourcecode.c.objc; path = NVFrameLayout.m; sourceTree = "<group>"; };
		E9C14AE6224920FD00736722 /* NVVH2Layout.h */ = {isa = PBXFileReference; fileEncoding = 4; lastKnownFileType = sourcecode.c.h; path = NVVH2Layout.h; sourceTree = "<group>"; };
		E9C14AE7224920FD00736722 /* UIColor+VirtualView.m */ = {isa = PBXFileReference; fileEncoding = 4; lastKnownFileType = sourcecode.c.objc; path = "UIColor+VirtualView.m"; sourceTree = "<group>"; };
		E9C14AE8224920FD00736722 /* VVLayout.m */ = {isa = PBXFileReference; fileEncoding = 4; lastKnownFileType = sourcecode.c.objc; path = VVLayout.m; sourceTree = "<group>"; };
		E9C14AE9224920FE00736722 /* VVPropertySetter.h */ = {isa = PBXFileReference; fileEncoding = 4; lastKnownFileType = sourcecode.c.h; path = VVPropertySetter.h; sourceTree = "<group>"; };
		E9C14AEA224920FE00736722 /* VVPropertyIntSetter.h */ = {isa = PBXFileReference; fileEncoding = 4; lastKnownFileType = sourcecode.c.h; path = VVPropertyIntSetter.h; sourceTree = "<group>"; };
		E9C14AEB224920FE00736722 /* VVBinaryLoader.h */ = {isa = PBXFileReference; fileEncoding = 4; lastKnownFileType = sourcecode.c.h; path = VVBinaryLoader.h; sourceTree = "<group>"; };
		E9C14AEC224920FE00736722 /* VVErrors.m */ = {isa = PBXFileReference; fileEncoding = 4; lastKnownFileType = sourcecode.c.objc; path = VVErrors.m; sourceTree = "<group>"; };
		E9C14AED224920FE00736722 /* VVPropertyFloatSetter.m */ = {isa = PBXFileReference; fileEncoding = 4; lastKnownFileType = sourcecode.c.objc; path = VVPropertyFloatSetter.m; sourceTree = "<group>"; };
		E9C14AEE224920FE00736722 /* VVGridView.h */ = {isa = PBXFileReference; fileEncoding = 4; lastKnownFileType = sourcecode.c.h; path = VVGridView.h; sourceTree = "<group>"; };
		E9C14AEF224920FE00736722 /* NVRatioLayout.m */ = {isa = PBXFileReference; fileEncoding = 4; lastKnownFileType = sourcecode.c.objc; path = NVRatioLayout.m; sourceTree = "<group>"; };
		E9C14AF0224920FE00736722 /* VVLayer.m */ = {isa = PBXFileReference; fileEncoding = 4; lastKnownFileType = sourcecode.c.objc; path = VVLayer.m; sourceTree = "<group>"; };
		E9C14AF1224920FE00736722 /* VVNodeClassMapper.h */ = {isa = PBXFileReference; fileEncoding = 4; lastKnownFileType = sourcecode.c.h; path = VVNodeClassMapper.h; sourceTree = "<group>"; };
		E9C14AF2224920FE00736722 /* VVNodeCreater.m */ = {isa = PBXFileReference; fileEncoding = 4; lastKnownFileType = sourcecode.c.objc; path = VVNodeCreater.m; sourceTree = "<group>"; };
		E9C14AF3224920FE00736722 /* VVPropertySetter.m */ = {isa = PBXFileReference; fileEncoding = 4; lastKnownFileType = sourcecode.c.objc; path = VVPropertySetter.m; sourceTree = "<group>"; };
		E9C14AF4224920FE00736722 /* VVVersionModel.h */ = {isa = PBXFileReference; fileEncoding = 4; lastKnownFileType = sourcecode.c.h; path = VVVersionModel.h; sourceTree = "<group>"; };
		E9C14AF5224920FE00736722 /* VVLoopingScrollView.h */ = {isa = PBXFileReference; fileEncoding = 4; lastKnownFileType = sourcecode.c.h; path = VVLoopingScrollView.h; sourceTree = "<group>"; };
		E9C14AF6224920FE00736722 /* VVBinaryStringMapper.h */ = {isa = PBXFileReference; fileEncoding = 4; lastKnownFileType = sourcecode.c.h; path = VVBinaryStringMapper.h; sourceTree = "<group>"; };
		E9C14AF7224920FE00736722 /* VVPropertyIntSetter.m */ = {isa = PBXFileReference; fileEncoding = 4; lastKnownFileType = sourcecode.c.objc; path = VVPropertyIntSetter.m; sourceTree = "<group>"; };
		E9C14AF8224920FE00736722 /* VVPropertyStringSetter.m */ = {isa = PBXFileReference; fileEncoding = 4; lastKnownFileType = sourcecode.c.objc; path = VVPropertyStringSetter.m; sourceTree = "<group>"; };
		E9C14AF9224920FF00736722 /* NVGridLayout.m */ = {isa = PBXFileReference; fileEncoding = 4; lastKnownFileType = sourcecode.c.objc; path = NVGridLayout.m; sourceTree = "<group>"; };
		E9C14AFA224920FF00736722 /* VVLineLayer.h */ = {isa = PBXFileReference; fileEncoding = 4; lastKnownFileType = sourcecode.c.h; path = VVLineLayer.h; sourceTree = "<group>"; };
		E9C14AFB224920FF00736722 /* VVConfig.m */ = {isa = PBXFileReference; fileEncoding = 4; lastKnownFileType = sourcecode.c.objc; path = VVConfig.m; sourceTree = "<group>"; };
		E9C14AFC224920FF00736722 /* NSObject+VVObserver.m */ = {isa = PBXFileReference; fileEncoding = 4; lastKnownFileType = sourcecode.c.objc; path = "NSObject+VVObserver.m"; sourceTree = "<group>"; };
		E9C14AFD224920FF00736722 /* VVLayer.h */ = {isa = PBXFileReference; fileEncoding = 4; lastKnownFileType = sourcecode.c.h; path = VVLayer.h; sourceTree = "<group>"; };
		E9C14AFE224920FF00736722 /* VVDefines.h */ = {isa = PBXFileReference; fileEncoding = 4; lastKnownFileType = sourcecode.c.h; path = VVDefines.h; sourceTree = "<group>"; };
		E9C14AFF224920FF00736722 /* VVPropertyFloatSetter.h */ = {isa = PBXFileReference; fileEncoding = 4; lastKnownFileType = sourcecode.c.h; path = VVPropertyFloatSetter.h; sourceTree = "<group>"; };
		E9C14B00224920FF00736722 /* VVTemplateBinaryLoader.m */ = {isa = PBXFileReference; fileEncoding = 4; lastKnownFileType = sourcecode.c.objc; path = VVTemplateBinaryLoader.m; sourceTree = "<group>"; };
		E9C14B01224920FF00736722 /* VVTemplateLoader.h */ = {isa = PBXFileReference; fileEncoding = 4; lastKnownFileType = sourcecode.c.h; path = VVTemplateLoader.h; sourceTree = "<group>"; };
		E9C14B022249210000736722 /* UIView+VirtualView.h */ = {isa = PBXFileReference; fileEncoding = 4; lastKnownFileType = sourcecode.c.h; path = "UIView+VirtualView.h"; sourceTree = "<group>"; };
		E9C14B032249210000736722 /* VVLoopingScrollView.m */ = {isa = PBXFileReference; fileEncoding = 4; lastKnownFileType = sourcecode.c.objc; path = VVLoopingScrollView.m; sourceTree = "<group>"; };
		E9C14B042249210000736722 /* VVVH2Layout.h */ = {isa = PBXFileReference; fileEncoding = 4; lastKnownFileType = sourcecode.c.h; path = VVVH2Layout.h; sourceTree = "<group>"; };
		E9C14B052249210000736722 /* VVViewContainer.m */ = {isa = PBXFileReference; fileEncoding = 4; lastKnownFileType = sourcecode.c.objc; path = VVViewContainer.m; sourceTree = "<group>"; };
		E9C14B062249210000736722 /* NVTextView.m */ = {isa = PBXFileReference; fileEncoding = 4; lastKnownFileType = sourcecode.c.objc; path = NVTextView.m; sourceTree = "<group>"; };
		E9C14B072249210000736722 /* NVVHLayout.m */ = {isa = PBXFileReference; fileEncoding = 4; lastKnownFileType = sourcecode.c.objc; path = NVVHLayout.m; sourceTree = "<group>"; };
		E9C14B082249210000736722 /* VVFrameLayout.m */ = {isa = PBXFileReference; fileEncoding = 4; lastKnownFileType = sourcecode.c.objc; path = VVFrameLayout.m; sourceTree = "<group>"; };
		E9C14B092249210000736722 /* NVTextView.h */ = {isa = PBXFileReference; fileEncoding = 4; lastKnownFileType = sourcecode.c.h; path = NVTextView.h; sourceTree = "<group>"; };
		E9C14B0A2249210000736722 /* VVBaseNode.h */ = {isa = PBXFileReference; fileEncoding = 4; lastKnownFileType = sourcecode.c.h; path = VVBaseNode.h; sourceTree = "<group>"; };
		E9C14B0B2249210000736722 /* VVGridLayout.h */ = {isa = PBXFileReference; fileEncoding = 4; lastKnownFileType = sourcecode.c.h; path = VVGridLayout.h; sourceTree = "<group>"; };
		E9C14B0C2249210000736722 /* VVGridLayout.m */ = {isa = PBXFileReference; fileEncoding = 4; lastKnownFileType = sourcecode.c.objc; path = VVGridLayout.m; sourceTree = "<group>"; };
		E9C14B0D2249210000736722 /* VVNodeClassMapper.m */ = {isa = PBXFileReference; fileEncoding = 4; lastKnownFileType = sourcecode.c.objc; path = VVNodeClassMapper.m; sourceTree = "<group>"; };
		E9C14B0E2249210100736722 /* VVViewFactory.m */ = {isa = PBXFileReference; fileEncoding = 4; lastKnownFileType = sourcecode.c.objc; path = VVViewFactory.m; sourceTree = "<group>"; };
		E9C14B0F2249210100736722 /* VVLineLayer.m */ = {isa = PBXFileReference; fileEncoding = 4; lastKnownFileType = sourcecode.c.objc; path = VVLineLayer.m; sourceTree = "<group>"; };
		E9C14B102249210100736722 /* NSObject+VVObserver.h */ = {isa = PBXFileReference; fileEncoding = 4; lastKnownFileType = sourcecode.c.h; path = "NSObject+VVObserver.h"; sourceTree = "<group>"; };
		E9C14B112249210100736722 /* VVPageView.h */ = {isa = PBXFileReference; fileEncoding = 4; lastKnownFileType = sourcecode.c.h; path = VVPageView.h; sourceTree = "<group>"; };
		E9C14B122249210100736722 /* NVImageView.h */ = {isa = PBXFileReference; fileEncoding = 4; lastKnownFileType = sourcecode.c.h; path = NVImageView.h; sourceTree = "<group>"; };
		E9C14B132249210100736722 /* NVImageView.m */ = {isa = PBXFileReference; fileEncoding = 4; lastKnownFileType = sourcecode.c.objc; path = NVImageView.m; sourceTree = "<group>"; };
		E9C14B142249210100736722 /* NVVHLayout.h */ = {isa = PBXFileReference; fileEncoding = 4; lastKnownFileType = sourcecode.c.h; path = NVVHLayout.h; sourceTree = "<group>"; };
		E9C14B152249210200736722 /* VVConfig.h */ = {isa = PBXFileReference; fileEncoding = 4; lastKnownFileType = sourcecode.c.h; path = VVConfig.h; sourceTree = "<group>"; };
		E9C14B162249210200736722 /* VVViewFactory.h */ = {isa = PBXFileReference; fileEncoding = 4; lastKnownFileType = sourcecode.c.h; path = VVViewFactory.h; sourceTree = "<group>"; };
		E9C14B172249210200736722 /* NVVH2Layout.m */ = {isa = PBXFileReference; fileEncoding = 4; lastKnownFileType = sourcecode.c.objc; path = NVVH2Layout.m; sourceTree = "<group>"; };
		E9C14B182249210200736722 /* NVLineView.h */ = {isa = PBXFileReference; fileEncoding = 4; lastKnownFileType = sourcecode.c.h; path = NVLineView.h; sourceTree = "<group>"; };
		E9C14B192249210200736722 /* VVVersionModel.m */ = {isa = PBXFileReference; fileEncoding = 4; lastKnownFileType = sourcecode.c.objc; path = VVVersionModel.m; sourceTree = "<group>"; };
		E9C14B1A2249210200736722 /* VVPropertyStringSetter.h */ = {isa = PBXFileReference; fileEncoding = 4; lastKnownFileType = sourcecode.c.h; path = VVPropertyStringSetter.h; sourceTree = "<group>"; };
		E9C14B1B2249210200736722 /* NVRatioLayout.h */ = {isa = PBXFileReference; fileEncoding = 4; lastKnownFileType = sourcecode.c.h; path = NVRatioLayout.h; sourceTree = "<group>"; };
		E9C14B1C2249210200736722 /* VVFrameLayout.h */ = {isa = PBXFileReference; fileEncoding = 4; lastKnownFileType = sourcecode.c.h; path = VVFrameLayout.h; sourceTree = "<group>"; };
		E9C14B1D2249210200736722 /* VVTemplateManager.m */ = {isa = PBXFileReference; fileEncoding = 4; lastKnownFileType = sourcecode.c.objc; path = VVTemplateManager.m; sourceTree = "<group>"; };
		E9C14B1E2249210200736722 /* NVFrameLayout.h */ = {isa = PBXFileReference; fileEncoding = 4; lastKnownFileType = sourcecode.c.h; path = NVFrameLayout.h; sourceTree = "<group>"; };
		E9C14B1F2249210200736722 /* VVSystemKey.m */ = {isa = PBXFileReference; fileEncoding = 4; lastKnownFileType = sourcecode.c.objc; path = VVSystemKey.m; sourceTree = "<group>"; };
		E9C14B202249210200736722 /* UIColor+VirtualView.h */ = {isa = PBXFileReference; fileEncoding = 4; lastKnownFileType = sourcecode.c.h; path = "UIColor+VirtualView.h"; sourceTree = "<group>"; };
		E9C14B212249210200736722 /* VVTemplateBinaryLoader.h */ = {isa = PBXFileReference; fileEncoding = 4; lastKnownFileType = sourcecode.c.h; path = VVTemplateBinaryLoader.h; sourceTree = "<group>"; };
		E9C14B222249210200736722 /* VVErrors.h */ = {isa = PBXFileReference; fileEncoding = 4; lastKnownFileType = sourcecode.c.h; path = VVErrors.h; sourceTree = "<group>"; };
		E9C14B232249210200736722 /* NVLineView.m */ = {isa = PBXFileReference; fileEncoding = 4; lastKnownFileType = sourcecode.c.objc; path = NVLineView.m; sourceTree = "<group>"; };
		E9C14B242249210300736722 /* VVObserver.m */ = {isa = PBXFileReference; fileEncoding = 4; lastKnownFileType = sourcecode.c.objc; path = VVObserver.m; sourceTree = "<group>"; };
		E9C14B252249210300736722 /* VVVHLayout.m */ = {isa = PBXFileReference; fileEncoding = 4; lastKnownFileType = sourcecode.c.objc; path = VVVHLayout.m; sourceTree = "<group>"; };
		E9C14B262249210300736722 /* VVBinaryStringMapper.m */ = {isa = PBXFileReference; fileEncoding = 4; lastKnownFileType = sourcecode.c.objc; path = VVBinaryStringMapper.m; sourceTree = "<group>"; };
		E9C14B272249210300736722 /* VVRatioLayout.h */ = {isa = PBXFileReference; fileEncoding = 4; lastKnownFileType = sourcecode.c.h; path = VVRatioLayout.h; sourceTree = "<group>"; };
		E9C14B282249210300736722 /* VVTemplateManager.h */ = {isa = PBXFileReference; fileEncoding = 4; lastKnownFileType = sourcecode.c.h; path = VVTemplateManager.h; sourceTree = "<group>"; };
		E9C14B292249210300736722 /* VVPageView.m */ = {isa = PBXFileReference; fileEncoding = 4; lastKnownFileType = sourcecode.c.objc; path = VVPageView.m; sourceTree = "<group>"; };
		E9C14B2A2249210400736722 /* VVPropertyExpressionSetter.m */ = {isa = PBXFileReference; fileEncoding = 4; lastKnownFileType = sourcecode.c.objc; path = VVPropertyExpressionSetter.m; sourceTree = "<group>"; };
		E9C14B2B2249210400736722 /* VVExpression.m */ = {isa = PBXFileReference; fileEncoding = 4; lastKnownFileType = sourcecode.c.objc; path = VVExpression.m; sourceTree = "<group>"; };
		E9C14B2C2249210400736722 /* UIView+VirtualView.m */ = {isa = PBXFileReference; fileEncoding = 4; lastKnownFileType = sourcecode.c.objc; path = "UIView+VirtualView.m"; sourceTree = "<group>"; };
		E9C14B2D2249210400736722 /* VVObserver.h */ = {isa = PBXFileReference; fileEncoding = 4; lastKnownFileType = sourcecode.c.h; path = VVObserver.h; sourceTree = "<group>"; };
		E9C14B2E2249210400736722 /* NVGridLayout.h */ = {isa = PBXFileReference; fileEncoding = 4; lastKnownFileType = sourcecode.c.h; path = NVGridLayout.h; sourceTree = "<group>"; };
		E9C14B2F2249210400736722 /* VVVHLayout.h */ = {isa = PBXFileReference; fileEncoding = 4; lastKnownFileType = sourcecode.c.h; path = VVVHLayout.h; sourceTree = "<group>"; };
/* End PBXFileReference section */

/* Begin PBXFrameworksBuildPhase section */
		E977033D22463FF6006EBCF9 /* Frameworks */ = {
			isa = PBXFrameworksBuildPhase;
			buildActionMask = 2147483647;
			files = (
			);
			runOnlyForDeploymentPostprocessing = 0;
		};
/* End PBXFrameworksBuildPhase section */

/* Begin PBXGroup section */
		8E344AFD224877C8008F9E9F /* Core */ = {
			isa = PBXGroup;
			children = (
				8E344AFE224877E5008F9E9F /* TangramView.h */,
				8E344AFF224877E5008F9E9F /* TangramView.m */,
			);
			path = Core;
			sourceTree = "<group>";
		};
		E976AAD12247B2C10017EC79 /* Model */ = {
			isa = PBXGroup;
			children = (
				E976AAD22247B2EE0017EC79 /* TangramDefaultItemModel.h */,
				E976AAD32247B2EE0017EC79 /* TangramDefaultItemModel.m */,
			);
			path = Model;
			sourceTree = "<group>";
		};
		E976AAD72247D7720017EC79 /* LazyScroll */ = {
			isa = PBXGroup;
			children = (
				8EEF38F2224B12960092A2D8 /* TMLazyItemModel.h */,
				8EEF38F1224B12960092A2D8 /* TMLazyItemModel.m */,
				8EEF38EF224B0B170092A2D8 /* TMLazyModelBucket.h */,
				8EEF38EE224B0B170092A2D8 /* TMLazyModelBucket.m */,
				8E344AF72248770E008F9E9F /* TMLazyReusePool.h */,
				8E344AF82248770E008F9E9F /* TMLazyReusePool.m */,
				E976AAD82247D7B00017EC79 /* TMLazyScrollView.h */,
				E976AAD92247D7B00017EC79 /* TMLazyScrollView.m */,
				8E344B0122488405008F9E9F /* UIView+TMLazyScrollView.h */,
				8E344B0222488405008F9E9F /* UIView+TMLazyScrollView.m */,
				8E344B0422488678008F9E9F /* TMLazyItemViewProtocol.h */,
			);
			path = LazyScroll;
			sourceTree = "<group>";
		};
		E977033722463FF6006EBCF9 = {
			isa = PBXGroup;
			children = (
				E977034222463FF6006EBCF9 /* MyTangram */,
				E977034122463FF6006EBCF9 /* Products */,
			);
			sourceTree = "<group>";
		};
		E977034122463FF6006EBCF9 /* Products */ = {
			isa = PBXGroup;
			children = (
				E977034022463FF6006EBCF9 /* MyTangram.app */,
			);
			name = Products;
			sourceTree = "<group>";
		};
		E977034222463FF6006EBCF9 /* MyTangram */ = {
			isa = PBXGroup;
			children = (
				E977035A224640D1006EBCF9 /* Resource */,
				E97703592246402A006EBCF9 /* LMTangram */,
				E977034322463FF6006EBCF9 /* AppDelegate.h */,
				E977034422463FF6006EBCF9 /* AppDelegate.m */,
				E977034622463FF6006EBCF9 /* ViewController.h */,
				E977034722463FF6006EBCF9 /* ViewController.m */,
				E977034922463FF6006EBCF9 /* Main.storyboard */,
				E977034C22463FF8006EBCF9 /* Assets.xcassets */,
				E977034E22463FF8006EBCF9 /* LaunchScreen.storyboard */,
				E977035122463FF8006EBCF9 /* Info.plist */,
				E977035222463FF8006EBCF9 /* main.m */,
			);
			path = MyTangram;
			sourceTree = "<group>";
		};
		E97703592246402A006EBCF9 /* LMTangram */ = {
			isa = PBXGroup;
			children = (
				E9C14AD8224920D900736722 /* VirtualView */,
				8E344AFD224877C8008F9E9F /* Core */,
				E976AAD72247D7720017EC79 /* LazyScroll */,
				E976AAD12247B2C10017EC79 /* Model */,
				E97703942246850F006EBCF9 /* Layouts */,
				E977037322466B34006EBCF9 /* EventBus */,
				E977036E22464DB9006EBCF9 /* Helper */,
				E977036322464643006EBCF9 /* TMUtils */,
				E977035E224641F2006EBCF9 /* Protocols */,
				E977035D2246419A006EBCF9 /* Factory */,
			);
			path = LMTangram;
			sourceTree = "<group>";
		};
		E977035A224640D1006EBCF9 /* Resource */ = {
			isa = PBXGroup;
			children = (
				E977035B224640DD006EBCF9 /* TangramMock.json */,
			);
			path = Resource;
			sourceTree = "<group>";
		};
		E977035D2246419A006EBCF9 /* Factory */ = {
			isa = PBXGroup;
			children = (
				E9770360224642EC006EBCF9 /* LMTangramDefaultItemModelFactory.h */,
				E9770361224642EC006EBCF9 /* LMTangramDefaultItemModelFactory.m */,
				E9770391224670E2006EBCF9 /* LMTangramDefaultLayoutFactory.h */,
				E9770392224670E2006EBCF9 /* LMTangramDefaultLayoutFactory.m */,
				8E344B06224888A3008F9E9F /* LMTangramDefaultElementFactory.h */,
				8E344B07224888A3008F9E9F /* LMTangramDefaultElementFactory.m */,
			);
			path = Factory;
			sourceTree = "<group>";
		};
		E977035E224641F2006EBCF9 /* Protocols */ = {
			isa = PBXGroup;
			children = (
				8E344B0922488CBC008F9E9F /* TangramEasyElementProtocol.h */,
				E977035F2246421C006EBCF9 /* LMTangramItemModelFactoryProtocol.h */,
				E977039022466EC5006EBCF9 /* LMTangramLayoutFactoryProtocol.h */,
				E97703722246515C006EBCF9 /* LMTangramLayoutProtocol.h */,
				E977038F22466BD1006EBCF9 /* LMTangramItemModelProtocol.h */,
				8E344B0522488837008F9E9F /* LMTangramElementFactoryProtocol.h */,
			);
			path = Protocols;
			sourceTree = "<group>";
		};
		E977036322464643006EBCF9 /* TMUtils */ = {
			isa = PBXGroup;
			children = (
				E977036422464661006EBCF9 /* NSArray+TMSafeUtils.h */,
				E977036722464661006EBCF9 /* NSArray+TMSafeUtils.m */,
				E977036622464661006EBCF9 /* NSDictionary+TMSafeUtils.h */,
				E977036522464661006EBCF9 /* NSDictionary+TMSafeUtils.m */,
				E977036822464661006EBCF9 /* NSString+TMSafeUtils.h */,
				E977036922464661006EBCF9 /* NSString+TMSafeUtils.m */,
				E977036A22464661006EBCF9 /* TMUtils.h */,
			);
			path = TMUtils;
			sourceTree = "<group>";
		};
		E977036E22464DB9006EBCF9 /* Helper */ = {
			isa = PBXGroup;
			children = (
				E97703C822468DFA006EBCF9 /* TangramLayoutParseHelper.h */,
				E97703C922468DFA006EBCF9 /* TangramLayoutParseHelper.m */,
				E977036F22464DD9006EBCF9 /* LMTangramDefaultDataSourceHelper.h */,
				E977037022464DD9006EBCF9 /* LMTangramDefaultDataSourceHelper.m */,
			);
			path = Helper;
			sourceTree = "<group>";
		};
		E977037322466B34006EBCF9 /* EventBus */ = {
			isa = PBXGroup;
			children = (
				E977037F22466B52006EBCF9 /* TangramAction.h */,
				E977037A22466B52006EBCF9 /* TangramAction.m */,
				E977037522466B52006EBCF9 /* TangramBus.h */,
				E977037C22466B52006EBCF9 /* TangramBus.m */,
				E977037922466B52006EBCF9 /* TangramBusIndex.h */,
				E977038122466B52006EBCF9 /* TangramBusIndex.m */,
				E977037422466B52006EBCF9 /* TangramBusIndexClass.h */,
				E977037622466B52006EBCF9 /* TangramBusIndexClass.m */,
				E977037B22466B52006EBCF9 /* TangramBusIndexTopic.h */,
				E977037D22466B52006EBCF9 /* TangramBusIndexTopic.m */,
				E977038322466B52006EBCF9 /* TangramContext.h */,
				E977037722466B52006EBCF9 /* TangramContext.m */,
				E977038222466B52006EBCF9 /* TangramEvent.h */,
				E977037E22466B52006EBCF9 /* TangramEvent.m */,
				E977037822466B52006EBCF9 /* TangramEventDispatcher.h */,
				E977038422466B52006EBCF9 /* TangramEventDispatcher.m */,
				E977038022466B52006EBCF9 /* TangramEventQueue.h */,
				E977038522466B52006EBCF9 /* TangramEventQueue.m */,
			);
			path = EventBus;
			sourceTree = "<group>";
		};
		E97703942246850F006EBCF9 /* Layouts */ = {
			isa = PBXGroup;
			children = (
				E97703952246853C006EBCF9 /* TangramDoubleColumnLayout.h */,
				E97703A72246853D006EBCF9 /* TangramDoubleColumnLayout.m */,
				E97703B42246853E006EBCF9 /* TangramDragableLayout.h */,
				E97703B02246853D006EBCF9 /* TangramDragableLayout.m */,
				E97703AB2246853D006EBCF9 /* TangramFixBottomLayout.h */,
				E97703AF2246853D006EBCF9 /* TangramFixBottomLayout.m */,
				E97703AA2246853D006EBCF9 /* TangramFixLayout.h */,
				E97703B22246853D006EBCF9 /* TangramFixLayout.m */,
				E97703A92246853D006EBCF9 /* TangramFixTopLayout.h */,
				E977039D2246853C006EBCF9 /* TangramFixTopLayout.m */,
				E97703A42246853D006EBCF9 /* TangramFlowLayout.h */,
				E97703982246853C006EBCF9 /* TangramFlowLayout.m */,
				E97703AC2246853D006EBCF9 /* TangramPageScrollLayout.h */,
				E97703A82246853D006EBCF9 /* TangramPageScrollLayout.m */,
				E97703A52246853D006EBCF9 /* TangramQuintetColumnLayout.h */,
				E97703A12246853C006EBCF9 /* TangramQuintetColumnLayout.m */,
				E97703972246853C006EBCF9 /* TangramScrollFlowLayout.h */,
				E97703A02246853C006EBCF9 /* TangramScrollFlowLayout.m */,
				E977039E2246853C006EBCF9 /* TangramScrollWaterFlowLayout.h */,
				E977039F2246853C006EBCF9 /* TangramScrollWaterFlowLayout.m */,
				E977039C2246853C006EBCF9 /* TangramSingleAndDoubleLayout.h */,
				E97703992246853C006EBCF9 /* TangramSingleAndDoubleLayout.m */,
				E977039A2246853C006EBCF9 /* TangramSingleColumnLayout.h */,
				E97703B12246853D006EBCF9 /* TangramSingleColumnLayout.m */,
				E97703AD2246853D006EBCF9 /* TangramStickyBottomLayout.h */,
				E97703B62246853E006EBCF9 /* TangramStickyBottomLayout.m */,
				E97703962246853C006EBCF9 /* TangramStickyLayout.h */,
				E977039B2246853C006EBCF9 /* TangramStickyLayout.m */,
				E97703B32246853E006EBCF9 /* TangramTetradColumnLayout.h */,
				E97703B52246853E006EBCF9 /* TangramTetradColumnLayout.m */,
				E97703A32246853C006EBCF9 /* TangramTribleColumnLayout.h */,
				E97703AE2246853D006EBCF9 /* TangramTribleColumnLayout.m */,
				E97703A22246853C006EBCF9 /* TangramWaterFlowLayout.h */,
				E97703A62246853D006EBCF9 /* TangramWaterFlowLayout.m */,
			);
			path = Layouts;
			sourceTree = "<group>";
		};
		E9C14AD8224920D900736722 /* VirtualView */ = {
			isa = PBXGroup;
			children = (
				E9C14B102249210100736722 /* NSObject+VVObserver.h */,
				E9C14AFC224920FF00736722 /* NSObject+VVObserver.m */,
				E9C14B1E2249210200736722 /* NVFrameLayout.h */,
				E9C14AE5224920FD00736722 /* NVFrameLayout.m */,
				E9C14B2E2249210400736722 /* NVGridLayout.h */,
				E9C14AF9224920FF00736722 /* NVGridLayout.m */,
				E9C14B122249210100736722 /* NVImageView.h */,
				E9C14B132249210100736722 /* NVImageView.m */,
				E9C14B182249210200736722 /* NVLineView.h */,
				E9C14B232249210200736722 /* NVLineView.m */,
				E9C14B1B2249210200736722 /* NVRatioLayout.h */,
				E9C14AEF224920FE00736722 /* NVRatioLayout.m */,
				E9C14B092249210000736722 /* NVTextView.h */,
				E9C14B062249210000736722 /* NVTextView.m */,
				E9C14AE6224920FD00736722 /* NVVH2Layout.h */,
				E9C14B172249210200736722 /* NVVH2Layout.m */,
				E9C14B142249210100736722 /* NVVHLayout.h */,
				E9C14B072249210000736722 /* NVVHLayout.m */,
				E9C14B202249210200736722 /* UIColor+VirtualView.h */,
				E9C14AE7224920FD00736722 /* UIColor+VirtualView.m */,
				E9C14B022249210000736722 /* UIView+VirtualView.h */,
				E9C14B2C2249210400736722 /* UIView+VirtualView.m */,
				E9C14B0A2249210000736722 /* VVBaseNode.h */,
				E9C14AE2224920FD00736722 /* VVBaseNode.m */,
				E9C14AEB224920FE00736722 /* VVBinaryLoader.h */,
				E9C14AD9224920FD00736722 /* VVBinaryLoader.m */,
				E9C14AF6224920FE00736722 /* VVBinaryStringMapper.h */,
				E9C14B262249210300736722 /* VVBinaryStringMapper.m */,
				E9C14B152249210200736722 /* VVConfig.h */,
				E9C14AFB224920FF00736722 /* VVConfig.m */,
				E9C14AFE224920FF00736722 /* VVDefines.h */,
				E9C14B222249210200736722 /* VVErrors.h */,
				E9C14AEC224920FE00736722 /* VVErrors.m */,
				E9C14ADB224920FD00736722 /* VVExpression.h */,
				E9C14B2B2249210400736722 /* VVExpression.m */,
				E9C14B1C2249210200736722 /* VVFrameLayout.h */,
				E9C14B082249210000736722 /* VVFrameLayout.m */,
				E9C14B0B2249210000736722 /* VVGridLayout.h */,
				E9C14B0C2249210000736722 /* VVGridLayout.m */,
				E9C14AEE224920FE00736722 /* VVGridView.h */,
				E9C14ADD224920FD00736722 /* VVGridView.m */,
				E9C14AFD224920FF00736722 /* VVLayer.h */,
				E9C14AF0224920FE00736722 /* VVLayer.m */,
				E9C14ADE224920FD00736722 /* VVLayout.h */,
				E9C14AE8224920FD00736722 /* VVLayout.m */,
				E9C14AFA224920FF00736722 /* VVLineLayer.h */,
				E9C14B0F2249210100736722 /* VVLineLayer.m */,
				E9C14AF5224920FE00736722 /* VVLoopingScrollView.h */,
				E9C14B032249210000736722 /* VVLoopingScrollView.m */,
				E9C14AF1224920FE00736722 /* VVNodeClassMapper.h */,
				E9C14B0D2249210000736722 /* VVNodeClassMapper.m */,
				E9C14AE3224920FD00736722 /* VVNodeCreater.h */,
				E9C14AF2224920FE00736722 /* VVNodeCreater.m */,
				E9C14B2D2249210400736722 /* VVObserver.h */,
				E9C14B242249210300736722 /* VVObserver.m */,
				E9C14B112249210100736722 /* VVPageView.h */,
				E9C14B292249210300736722 /* VVPageView.m */,
				E9C14AE1224920FD00736722 /* VVPropertyExpressionSetter.h */,
				E9C14B2A2249210400736722 /* VVPropertyExpressionSetter.m */,
				E9C14AFF224920FF00736722 /* VVPropertyFloatSetter.h */,
				E9C14AED224920FE00736722 /* VVPropertyFloatSetter.m */,
				E9C14AEA224920FE00736722 /* VVPropertyIntSetter.h */,
				E9C14AF7224920FE00736722 /* VVPropertyIntSetter.m */,
				E9C14AE9224920FE00736722 /* VVPropertySetter.h */,
				E9C14AF3224920FE00736722 /* VVPropertySetter.m */,
				E9C14B1A2249210200736722 /* VVPropertyStringSetter.h */,
				E9C14AF8224920FE00736722 /* VVPropertyStringSetter.m */,
				E9C14B272249210300736722 /* VVRatioLayout.h */,
				E9C14ADA224920FD00736722 /* VVRatioLayout.m */,
				E9C14ADF224920FD00736722 /* VVSystemKey.h */,
				E9C14B1F2249210200736722 /* VVSystemKey.m */,
				E9C14B212249210200736722 /* VVTemplateBinaryLoader.h */,
				E9C14B00224920FF00736722 /* VVTemplateBinaryLoader.m */,
				E9C14B01224920FF00736722 /* VVTemplateLoader.h */,
				E9C14AE0224920FD00736722 /* VVTemplateLoader.m */,
				E9C14B282249210300736722 /* VVTemplateManager.h */,
				E9C14B1D2249210200736722 /* VVTemplateManager.m */,
				E9C14AF4224920FE00736722 /* VVVersionModel.h */,
				E9C14B192249210200736722 /* VVVersionModel.m */,
				E9C14B042249210000736722 /* VVVH2Layout.h */,
				E9C14AE4224920FD00736722 /* VVVH2Layout.m */,
				E9C14B2F2249210400736722 /* VVVHLayout.h */,
				E9C14B252249210300736722 /* VVVHLayout.m */,
				E9C14ADC224920FD00736722 /* VVViewContainer.h */,
				E9C14B052249210000736722 /* VVViewContainer.m */,
				E9C14B162249210200736722 /* VVViewFactory.h */,
				E9C14B0E2249210100736722 /* VVViewFactory.m */,
			);
			path = VirtualView;
			sourceTree = "<group>";
		};
/* End PBXGroup section */

/* Begin PBXNativeTarget section */
		E977033F22463FF6006EBCF9 /* MyTangram */ = {
			isa = PBXNativeTarget;
			buildConfigurationList = E977035622463FF8006EBCF9 /* Build configuration list for PBXNativeTarget "MyTangram" */;
			buildPhases = (
				E977033C22463FF6006EBCF9 /* Sources */,
				E977033D22463FF6006EBCF9 /* Frameworks */,
				E977033E22463FF6006EBCF9 /* Resources */,
			);
			buildRules = (
			);
			dependencies = (
			);
			name = MyTangram;
			productName = MyTangram;
			productReference = E977034022463FF6006EBCF9 /* MyTangram.app */;
			productType = "com.apple.product-type.application";
		};
/* End PBXNativeTarget section */

/* Begin PBXProject section */
		E977033822463FF6006EBCF9 /* Project object */ = {
			isa = PBXProject;
			attributes = {
				LastUpgradeCheck = 0940;
				ORGANIZATIONNAME = "Hello World Corporation";
				TargetAttributes = {
					E977033F22463FF6006EBCF9 = {
						CreatedOnToolsVersion = 9.4.1;
					};
				};
			};
			buildConfigurationList = E977033B22463FF6006EBCF9 /* Build configuration list for PBXProject "MyTangram" */;
			compatibilityVersion = "Xcode 9.3";
			developmentRegion = en;
			hasScannedForEncodings = 0;
			knownRegions = (
				en,
				Base,
			);
			mainGroup = E977033722463FF6006EBCF9;
			productRefGroup = E977034122463FF6006EBCF9 /* Products */;
			projectDirPath = "";
			projectRoot = "";
			targets = (
				E977033F22463FF6006EBCF9 /* MyTangram */,
			);
		};
/* End PBXProject section */

/* Begin PBXResourcesBuildPhase section */
		E977033E22463FF6006EBCF9 /* Resources */ = {
			isa = PBXResourcesBuildPhase;
			buildActionMask = 2147483647;
			files = (
				E977035C224640DD006EBCF9 /* TangramMock.json in Resources */,
				E977035022463FF8006EBCF9 /* LaunchScreen.storyboard in Resources */,
				E977034D22463FF8006EBCF9 /* Assets.xcassets in Resources */,
				E977034B22463FF6006EBCF9 /* Main.storyboard in Resources */,
			);
			runOnlyForDeploymentPostprocessing = 0;
		};
/* End PBXResourcesBuildPhase section */

/* Begin PBXSourcesBuildPhase section */
		E977033C22463FF6006EBCF9 /* Sources */ = {
			isa = PBXSourcesBuildPhase;
			buildActionMask = 2147483647;
			files = (
				E977038722466B52006EBCF9 /* TangramContext.m in Sources */,
				E977037122464DD9006EBCF9 /* LMTangramDefaultDataSourceHelper.m in Sources */,
				E977038622466B52006EBCF9 /* TangramBusIndexClass.m in Sources */,
				E9C14B582249210400736722 /* VVPropertyExpressionSetter.m in Sources */,
				8E344B00224877E5008F9E9F /* TangramView.m in Sources */,
				E9C14B322249210400736722 /* VVGridView.m in Sources */,
				E977034822463FF6006EBCF9 /* ViewController.m in Sources */,
				E97703CA22468DFA006EBCF9 /* TangramLayoutParseHelper.m in Sources */,
				E97703C02246853E006EBCF9 /* TangramPageScrollLayout.m in Sources */,
				E9C14B422249210400736722 /* VVConfig.m in Sources */,
				E9C14B5A2249210400736722 /* UIView+VirtualView.m in Sources */,
				E976AADA2247D7B00017EC79 /* TMLazyScrollView.m in Sources */,
				E9C14B362249210400736722 /* NVFrameLayout.m in Sources */,
				E977038A22466B52006EBCF9 /* TangramBusIndexTopic.m in Sources */,
				E97703B82246853E006EBCF9 /* TangramSingleAndDoubleLayout.m in Sources */,
				E9C14B342249210400736722 /* VVBaseNode.m in Sources */,
				E9C14B402249210400736722 /* VVPropertyStringSetter.m in Sources */,
				E977036B22464661006EBCF9 /* NSDictionary+TMSafeUtils.m in Sources */,
				E97703BD2246853E006EBCF9 /* TangramQuintetColumnLayout.m in Sources */,
				E977038D22466B52006EBCF9 /* TangramEventDispatcher.m in Sources */,
				E977036D22464661006EBCF9 /* NSString+TMSafeUtils.m in Sources */,
				8E344B08224888A3008F9E9F /* LMTangramDefaultElementFactory.m in Sources */,
				E9C14B312249210400736722 /* VVRatioLayout.m in Sources */,
				E9C14B3B2249210400736722 /* NVRatioLayout.m in Sources */,
				8EEF38F4224B12960092A2D8 /* TMLazyItemModel.m in Sources */,
				E9C14B382249210400736722 /* VVLayout.m in Sources */,
				E9C14B352249210400736722 /* VVVH2Layout.m in Sources */,
				E9770393224670E2006EBCF9 /* LMTangramDefaultLayoutFactory.m in Sources */,
				E9C14B562249210400736722 /* VVBinaryStringMapper.m in Sources */,
				E9C14B512249210400736722 /* VVTemplateManager.m in Sources */,
				E9C14B4A2249210400736722 /* VVGridLayout.m in Sources */,
				E9C14B592249210400736722 /* VVExpression.m in Sources */,
				E9C14B432249210400736722 /* NSObject+VVObserver.m in Sources */,
				E97703BA2246853E006EBCF9 /* TangramFixTopLayout.m in Sources */,
				E9C14B492249210400736722 /* VVFrameLayout.m in Sources */,
				8EEF38F0224B0B170092A2D8 /* TMLazyModelBucket.m in Sources */,
				E97703C32246853E006EBCF9 /* TangramDragableLayout.m in Sources */,
				E97703C52246853E006EBCF9 /* TangramFixLayout.m in Sources */,
				E9C14B572249210400736722 /* VVPageView.m in Sources */,
				E97703C42246853E006EBCF9 /* TangramSingleColumnLayout.m in Sources */,
				E9C14B3F2249210400736722 /* VVPropertyIntSetter.m in Sources */,
				E97703BC2246853E006EBCF9 /* TangramScrollFlowLayout.m in Sources */,
				E9C14B3C2249210400736722 /* VVLayer.m in Sources */,
				E97703B72246853E006EBCF9 /* TangramFlowLayout.m in Sources */,
				E9C14B3E2249210400736722 /* VVPropertySetter.m in Sources */,
				E977038B22466B52006EBCF9 /* TangramEvent.m in Sources */,
				E9C14B372249210400736722 /* UIColor+VirtualView.m in Sources */,
				E9770362224642EC006EBCF9 /* LMTangramDefaultItemModelFactory.m in Sources */,
				E9C14B3A2249210400736722 /* VVPropertyFloatSetter.m in Sources */,
				E9C14B4D2249210400736722 /* VVLineLayer.m in Sources */,
				E9C14B4F2249210400736722 /* NVVH2Layout.m in Sources */,
				E9C14B412249210400736722 /* NVGridLayout.m in Sources */,
				E977038E22466B52006EBCF9 /* TangramEventQueue.m in Sources */,
				E9C14B302249210400736722 /* VVBinaryLoader.m in Sources */,
				E9C14B332249210400736722 /* VVTemplateLoader.m in Sources */,
				E977038C22466B52006EBCF9 /* TangramBusIndex.m in Sources */,
				E97703BB2246853E006EBCF9 /* TangramScrollWaterFlowLayout.m in Sources */,
				E9C14B542249210400736722 /* VVObserver.m in Sources */,
				E97703C72246853E006EBCF9 /* TangramStickyBottomLayout.m in Sources */,
				E977038922466B52006EBCF9 /* TangramBus.m in Sources */,
				E97703C62246853E006EBCF9 /* TangramTetradColumnLayout.m in Sources */,
				E97703C12246853E006EBCF9 /* TangramTribleColumnLayout.m in Sources */,
				E9C14B4B2249210400736722 /* VVNodeClassMapper.m in Sources */,
				E97703BE2246853E006EBCF9 /* TangramWaterFlowLayout.m in Sources */,
				E97703BF2246853E006EBCF9 /* TangramDoubleColumnLayout.m in Sources */,
				E9C14B522249210400736722 /* VVSystemKey.m in Sources */,
				E9C14B392249210400736722 /* VVErrors.m in Sources */,
				E977038822466B52006EBCF9 /* TangramAction.m in Sources */,
				E97703C22246853E006EBCF9 /* TangramFixBottomLayout.m in Sources */,
				E977035322463FF8006EBCF9 /* main.m in Sources */,
				E9C14B482249210400736722 /* NVVHLayout.m in Sources */,
				E977036C22464661006EBCF9 /* NSArray+TMSafeUtils.m in Sources */,
				E9C14B442249210400736722 /* VVTemplateBinaryLoader.m in Sources */,
				E9C14B472249210400736722 /* NVTextView.m in Sources */,
				E9C14B532249210400736722 /* NVLineView.m in Sources */,
				E9C14B3D2249210400736722 /* VVNodeCreater.m in Sources */,
				E97703B92246853E006EBCF9 /* TangramStickyLayout.m in Sources */,
				E9C14B462249210400736722 /* VVViewContainer.m in Sources */,
				E9C14B502249210400736722 /* VVVersionModel.m in Sources */,
				E9C14B4C2249210400736722 /* VVViewFactory.m in Sources */,
				8E344AF92248770E008F9E9F /* TMLazyReusePool.m in Sources */,
				E977034522463FF6006EBCF9 /* AppDelegate.m in Sources */,
				E976AAD42247B2EE0017EC79 /* TangramDefaultItemModel.m in Sources */,
				E9C14B452249210400736722 /* VVLoopingScrollView.m in Sources */,
				8E344B0322488405008F9E9F /* UIView+TMLazyScrollView.m in Sources */,
				E9C14B4E2249210400736722 /* NVImageView.m in Sources */,
				E9C14B552249210400736722 /* VVVHLayout.m in Sources */,
			);
			runOnlyForDeploymentPostprocessing = 0;
		};
/* End PBXSourcesBuildPhase section */

/* Begin PBXVariantGroup section */
		E977034922463FF6006EBCF9 /* Main.storyboard */ = {
			isa = PBXVariantGroup;
			children = (
				E977034A22463FF6006EBCF9 /* Base */,
			);
			name = Main.storyboard;
			sourceTree = "<group>";
		};
		E977034E22463FF8006EBCF9 /* LaunchScreen.storyboard */ = {
			isa = PBXVariantGroup;
			children = (
				E977034F22463FF8006EBCF9 /* Base */,
			);
			name = LaunchScreen.storyboard;
			sourceTree = "<group>";
		};
/* End PBXVariantGroup section */

/* Begin XCBuildConfiguration section */
		E977035422463FF8006EBCF9 /* Debug */ = {
			isa = XCBuildConfiguration;
			buildSettings = {
				ALWAYS_SEARCH_USER_PATHS = NO;
				CLANG_ANALYZER_NONNULL = YES;
				CLANG_ANALYZER_NUMBER_OBJECT_CONVERSION = YES_AGGRESSIVE;
				CLANG_CXX_LANGUAGE_STANDARD = "gnu++14";
				CLANG_CXX_LIBRARY = "libc++";
				CLANG_ENABLE_MODULES = YES;
				CLANG_ENABLE_OBJC_ARC = YES;
				CLANG_ENABLE_OBJC_WEAK = YES;
				CLANG_WARN_BLOCK_CAPTURE_AUTORELEASING = YES;
				CLANG_WARN_BOOL_CONVERSION = YES;
				CLANG_WARN_COMMA = YES;
				CLANG_WARN_CONSTANT_CONVERSION = YES;
				CLANG_WARN_DEPRECATED_OBJC_IMPLEMENTATIONS = YES;
				CLANG_WARN_DIRECT_OBJC_ISA_USAGE = YES_ERROR;
				CLANG_WARN_DOCUMENTATION_COMMENTS = YES;
				CLANG_WARN_EMPTY_BODY = YES;
				CLANG_WARN_ENUM_CONVERSION = YES;
				CLANG_WARN_INFINITE_RECURSION = YES;
				CLANG_WARN_INT_CONVERSION = YES;
				CLANG_WARN_NON_LITERAL_NULL_CONVERSION = YES;
				CLANG_WARN_OBJC_IMPLICIT_RETAIN_SELF = YES;
				CLANG_WARN_OBJC_LITERAL_CONVERSION = YES;
				CLANG_WARN_OBJC_ROOT_CLASS = YES_ERROR;
				CLANG_WARN_RANGE_LOOP_ANALYSIS = YES;
				CLANG_WARN_STRICT_PROTOTYPES = YES;
				CLANG_WARN_SUSPICIOUS_MOVE = YES;
				CLANG_WARN_UNGUARDED_AVAILABILITY = YES_AGGRESSIVE;
				CLANG_WARN_UNREACHABLE_CODE = YES;
				CLANG_WARN__DUPLICATE_METHOD_MATCH = YES;
				CODE_SIGN_IDENTITY = "iPhone Developer";
				COPY_PHASE_STRIP = NO;
				DEBUG_INFORMATION_FORMAT = dwarf;
				ENABLE_STRICT_OBJC_MSGSEND = YES;
				ENABLE_TESTABILITY = YES;
				GCC_C_LANGUAGE_STANDARD = gnu11;
				GCC_DYNAMIC_NO_PIC = NO;
				GCC_NO_COMMON_BLOCKS = YES;
				GCC_OPTIMIZATION_LEVEL = 0;
				GCC_PREPROCESSOR_DEFINITIONS = (
					"DEBUG=1",
					"$(inherited)",
				);
				GCC_WARN_64_TO_32_BIT_CONVERSION = YES;
				GCC_WARN_ABOUT_RETURN_TYPE = YES_ERROR;
				GCC_WARN_UNDECLARED_SELECTOR = YES;
				GCC_WARN_UNINITIALIZED_AUTOS = YES_AGGRESSIVE;
				GCC_WARN_UNUSED_FUNCTION = YES;
				GCC_WARN_UNUSED_VARIABLE = YES;
				IPHONEOS_DEPLOYMENT_TARGET = 11.4;
				MTL_ENABLE_DEBUG_INFO = YES;
				ONLY_ACTIVE_ARCH = YES;
				SDKROOT = iphoneos;
			};
			name = Debug;
		};
		E977035522463FF8006EBCF9 /* Release */ = {
			isa = XCBuildConfiguration;
			buildSettings = {
				ALWAYS_SEARCH_USER_PATHS = NO;
				CLANG_ANALYZER_NONNULL = YES;
				CLANG_ANALYZER_NUMBER_OBJECT_CONVERSION = YES_AGGRESSIVE;
				CLANG_CXX_LANGUAGE_STANDARD = "gnu++14";
				CLANG_CXX_LIBRARY = "libc++";
				CLANG_ENABLE_MODULES = YES;
				CLANG_ENABLE_OBJC_ARC = YES;
				CLANG_ENABLE_OBJC_WEAK = YES;
				CLANG_WARN_BLOCK_CAPTURE_AUTORELEASING = YES;
				CLANG_WARN_BOOL_CONVERSION = YES;
				CLANG_WARN_COMMA = YES;
				CLANG_WARN_CONSTANT_CONVERSION = YES;
				CLANG_WARN_DEPRECATED_OBJC_IMPLEMENTATIONS = YES;
				CLANG_WARN_DIRECT_OBJC_ISA_USAGE = YES_ERROR;
				CLANG_WARN_DOCUMENTATION_COMMENTS = YES;
				CLANG_WARN_EMPTY_BODY = YES;
				CLANG_WARN_ENUM_CONVERSION = YES;
				CLANG_WARN_INFINITE_RECURSION = YES;
				CLANG_WARN_INT_CONVERSION = YES;
				CLANG_WARN_NON_LITERAL_NULL_CONVERSION = YES;
				CLANG_WARN_OBJC_IMPLICIT_RETAIN_SELF = YES;
				CLANG_WARN_OBJC_LITERAL_CONVERSION = YES;
				CLANG_WARN_OBJC_ROOT_CLASS = YES_ERROR;
				CLANG_WARN_RANGE_LOOP_ANALYSIS = YES;
				CLANG_WARN_STRICT_PROTOTYPES = YES;
				CLANG_WARN_SUSPICIOUS_MOVE = YES;
				CLANG_WARN_UNGUARDED_AVAILABILITY = YES_AGGRESSIVE;
				CLANG_WARN_UNREACHABLE_CODE = YES;
				CLANG_WARN__DUPLICATE_METHOD_MATCH = YES;
				CODE_SIGN_IDENTITY = "iPhone Developer";
				COPY_PHASE_STRIP = NO;
				DEBUG_INFORMATION_FORMAT = "dwarf-with-dsym";
				ENABLE_NS_ASSERTIONS = NO;
				ENABLE_STRICT_OBJC_MSGSEND = YES;
				GCC_C_LANGUAGE_STANDARD = gnu11;
				GCC_NO_COMMON_BLOCKS = YES;
				GCC_WARN_64_TO_32_BIT_CONVERSION = YES;
				GCC_WARN_ABOUT_RETURN_TYPE = YES_ERROR;
				GCC_WARN_UNDECLARED_SELECTOR = YES;
				GCC_WARN_UNINITIALIZED_AUTOS = YES_AGGRESSIVE;
				GCC_WARN_UNUSED_FUNCTION = YES;
				GCC_WARN_UNUSED_VARIABLE = YES;
				IPHONEOS_DEPLOYMENT_TARGET = 11.4;
				MTL_ENABLE_DEBUG_INFO = NO;
				SDKROOT = iphoneos;
				VALIDATE_PRODUCT = YES;
			};
			name = Release;
		};
		E977035722463FF8006EBCF9 /* Debug */ = {
			isa = XCBuildConfiguration;
			buildSettings = {
				ASSETCATALOG_COMPILER_APPICON_NAME = AppIcon;
				CODE_SIGN_STYLE = Automatic;
				DEVELOPMENT_TEAM = 3Y43ZQX4BX;
				INFOPLIST_FILE = MyTangram/Info.plist;
				LD_RUNPATH_SEARCH_PATHS = (
					"$(inherited)",
					"@executable_path/Frameworks",
				);
				PRODUCT_BUNDLE_IDENTIFIER = com.tonglm.MyTangram;
				PRODUCT_NAME = "$(TARGET_NAME)";
				TARGETED_DEVICE_FAMILY = "1,2";
			};
			name = Debug;
		};
		E977035822463FF8006EBCF9 /* Release */ = {
			isa = XCBuildConfiguration;
			buildSettings = {
				ASSETCATALOG_COMPILER_APPICON_NAME = AppIcon;
				CODE_SIGN_STYLE = Automatic;
				DEVELOPMENT_TEAM = 3Y43ZQX4BX;
				INFOPLIST_FILE = MyTangram/Info.plist;
				LD_RUNPATH_SEARCH_PATHS = (
					"$(inherited)",
					"@executable_path/Frameworks",
				);
				PRODUCT_BUNDLE_IDENTIFIER = com.tonglm.MyTangram;
				PRODUCT_NAME = "$(TARGET_NAME)";
				TARGETED_DEVICE_FAMILY = "1,2";
			};
			name = Release;
		};
/* End XCBuildConfiguration section */

/* Begin XCConfigurationList section */
		E977033B22463FF6006EBCF9 /* Build configuration list for PBXProject "MyTangram" */ = {
			isa = XCConfigurationList;
			buildConfigurations = (
				E977035422463FF8006EBCF9 /* Debug */,
				E977035522463FF8006EBCF9 /* Release */,
			);
			defaultConfigurationIsVisible = 0;
			defaultConfigurationName = Release;
		};
		E977035622463FF8006EBCF9 /* Build configuration list for PBXNativeTarget "MyTangram" */ = {
			isa = XCConfigurationList;
			buildConfigurations = (
				E977035722463FF8006EBCF9 /* Debug */,
				E977035822463FF8006EBCF9 /* Release */,
			);
			defaultConfigurationIsVisible = 0;
			defaultConfigurationName = Release;
		};
/* End XCConfigurationList section */
	};
	rootObject = E977033822463FF6006EBCF9 /* Project object */;
}
